// !$*UTF8*$!
{
	archiveVersion = 1;
	classes = {
	};
	objectVersion = 55;
	objects = {

/* Begin PBXBuildFile section */
		AA21B43628537E0400E4F217 /* AppDelegate.swift in Sources */ = {isa = PBXBuildFile; fileRef = AA21B43528537E0400E4F217 /* AppDelegate.swift */; };
		AA21B43828537E0400E4F217 /* SceneDelegate.swift in Sources */ = {isa = PBXBuildFile; fileRef = AA21B43728537E0400E4F217 /* SceneDelegate.swift */; };
		AA21B43A28537E0400E4F217 /* ViewController.swift in Sources */ = {isa = PBXBuildFile; fileRef = AA21B43928537E0400E4F217 /* ViewController.swift */; };
		AA21B43D28537E0400E4F217 /* Main.storyboard in Resources */ = {isa = PBXBuildFile; fileRef = AA21B43B28537E0400E4F217 /* Main.storyboard */; };
		AA21B43F28537E0500E4F217 /* Assets.xcassets in Resources */ = {isa = PBXBuildFile; fileRef = AA21B43E28537E0500E4F217 /* Assets.xcassets */; };
		AA21B44228537E0500E4F217 /* LaunchScreen.storyboard in Resources */ = {isa = PBXBuildFile; fileRef = AA21B44028537E0500E4F217 /* LaunchScreen.storyboard */; };
		AA4B15042853F4A500F1C3EF /* DokanTests.swift in Sources */ = {isa = PBXBuildFile; fileRef = AA4B15032853F4A500F1C3EF /* DokanTests.swift */; };
		AAA2E17D285CBB9100EAD189 /* GoogleService-Info.plist in Resources */ = {isa = PBXBuildFile; fileRef = AAA2E17C285CBB9100EAD189 /* GoogleService-Info.plist */; };
		AAA2E180285CBFCA00EAD189 /* FirebaseAnalytics in Frameworks */ = {isa = PBXBuildFile; productRef = AAA2E17F285CBFCA00EAD189 /* FirebaseAnalytics */; };
		AAA2E182285CBFCA00EAD189 /* FirebaseCrashlytics in Frameworks */ = {isa = PBXBuildFile; productRef = AAA2E181285CBFCA00EAD189 /* FirebaseCrashlytics */; };
		AAE1A1BF285E1A3A00A4EBB0 /* Networking in Frameworks */ = {isa = PBXBuildFile; productRef = AAE1A1BE285E1A3A00A4EBB0 /* Networking */; };
		AAE1A1C1285E1A3D00A4EBB0 /* UIDokan in Frameworks */ = {isa = PBXBuildFile; productRef = AAE1A1C0285E1A3D00A4EBB0 /* UIDokan */; };
		AAE1A1C3285E1A4900A4EBB0 /* DKFoundation.framework in Frameworks */ = {isa = PBXBuildFile; fileRef = AAE1A1C2285E1A4900A4EBB0 /* DKFoundation.framework */; };
		AAE1A1C4285E1A4900A4EBB0 /* DKFoundation.framework in Embed Frameworks */ = {isa = PBXBuildFile; fileRef = AAE1A1C2285E1A4900A4EBB0 /* DKFoundation.framework */; settings = {ATTRIBUTES = (CodeSignOnCopy, RemoveHeadersOnCopy, ); }; };
/* End PBXBuildFile section */

/* Begin PBXContainerItemProxy section */
		AA4B15052853F4A500F1C3EF /* PBXContainerItemProxy */ = {
			isa = PBXContainerItemProxy;
			containerPortal = AA21B42A28537E0400E4F217 /* Project object */;
			proxyType = 1;
			remoteGlobalIDString = AA21B43128537E0400E4F217;
			remoteInfo = Dokan;
		};
/* End PBXContainerItemProxy section */

/* Begin PBXCopyFilesBuildPhase section */
		AAE1A1C5285E1A4900A4EBB0 /* Embed Frameworks */ = {
			isa = PBXCopyFilesBuildPhase;
			buildActionMask = 2147483647;
			dstPath = "";
			dstSubfolderSpec = 10;
			files = (
				AAE1A1C4285E1A4900A4EBB0 /* DKFoundation.framework in Embed Frameworks */,
			);
			name = "Embed Frameworks";
			runOnlyForDeploymentPostprocessing = 0;
		};
/* End PBXCopyFilesBuildPhase section */

/* Begin PBXFileReference section */
		AA21B43228537E0400E4F217 /* Dokan.app */ = {isa = PBXFileReference; explicitFileType = wrapper.application; includeInIndex = 0; path = Dokan.app; sourceTree = BUILT_PRODUCTS_DIR; };
		AA21B43528537E0400E4F217 /* AppDelegate.swift */ = {isa = PBXFileReference; lastKnownFileType = sourcecode.swift; path = AppDelegate.swift; sourceTree = "<group>"; };
		AA21B43728537E0400E4F217 /* SceneDelegate.swift */ = {isa = PBXFileReference; lastKnownFileType = sourcecode.swift; path = SceneDelegate.swift; sourceTree = "<group>"; };
		AA21B43928537E0400E4F217 /* ViewController.swift */ = {isa = PBXFileReference; lastKnownFileType = sourcecode.swift; path = ViewController.swift; sourceTree = "<group>"; };
		AA21B43C28537E0400E4F217 /* Base */ = {isa = PBXFileReference; lastKnownFileType = file.storyboard; name = Base; path = Base.lproj/Main.storyboard; sourceTree = "<group>"; };
		AA21B43E28537E0500E4F217 /* Assets.xcassets */ = {isa = PBXFileReference; lastKnownFileType = folder.assetcatalog; path = Assets.xcassets; sourceTree = "<group>"; };
		AA21B44128537E0500E4F217 /* Base */ = {isa = PBXFileReference; lastKnownFileType = file.storyboard; name = Base; path = Base.lproj/LaunchScreen.storyboard; sourceTree = "<group>"; };
		AA21B44328537E0500E4F217 /* Info.plist */ = {isa = PBXFileReference; lastKnownFileType = text.plist.xml; path = Info.plist; sourceTree = "<group>"; };
		AA4B15012853F4A500F1C3EF /* DokanTests.xctest */ = {isa = PBXFileReference; explicitFileType = wrapper.cfbundle; includeInIndex = 0; path = DokanTests.xctest; sourceTree = BUILT_PRODUCTS_DIR; };
		AA4B15032853F4A500F1C3EF /* DokanTests.swift */ = {isa = PBXFileReference; lastKnownFileType = sourcecode.swift; path = DokanTests.swift; sourceTree = "<group>"; };
		AAA2E17C285CBB9100EAD189 /* GoogleService-Info.plist */ = {isa = PBXFileReference; fileEncoding = 4; lastKnownFileType = text.plist.xml; path = "GoogleService-Info.plist"; sourceTree = "<group>"; };
		AAE1A1C2285E1A4900A4EBB0 /* DKFoundation.framework */ = {isa = PBXFileReference; explicitFileType = wrapper.framework; path = DKFoundation.framework; sourceTree = BUILT_PRODUCTS_DIR; };
/* End PBXFileReference section */

/* Begin PBXFrameworksBuildPhase section */
		AA21B42F28537E0400E4F217 /* Frameworks */ = {
			isa = PBXFrameworksBuildPhase;
			buildActionMask = 2147483647;
			files = (
				AAE1A1BF285E1A3A00A4EBB0 /* Networking in Frameworks */,
				AAA2E180285CBFCA00EAD189 /* FirebaseAnalytics in Frameworks */,
				AAE1A1C1285E1A3D00A4EBB0 /* UIDokan in Frameworks */,
				AAA2E182285CBFCA00EAD189 /* FirebaseCrashlytics in Frameworks */,
				AAE1A1C3285E1A4900A4EBB0 /* DKFoundation.framework in Frameworks */,
			);
			runOnlyForDeploymentPostprocessing = 0;
		};
		AA4B14FE2853F4A500F1C3EF /* Frameworks */ = {
			isa = PBXFrameworksBuildPhase;
			buildActionMask = 2147483647;
			files = (
			);
			runOnlyForDeploymentPostprocessing = 0;
		};
/* End PBXFrameworksBuildPhase section */

/* Begin PBXGroup section */
		AA21B42928537E0400E4F217 = {
			isa = PBXGroup;
			children = (
				AA21B43428537E0400E4F217 /* Dokan */,
				AA4B15022853F4A500F1C3EF /* DokanTests */,
				AA21B43328537E0400E4F217 /* Products */,
				AAE1A1BD285E1A3A00A4EBB0 /* Frameworks */,
			);
			sourceTree = "<group>";
		};
		AA21B43328537E0400E4F217 /* Products */ = {
			isa = PBXGroup;
			children = (
				AA21B43228537E0400E4F217 /* Dokan.app */,
				AA4B15012853F4A500F1C3EF /* DokanTests.xctest */,
			);
			name = Products;
			sourceTree = "<group>";
		};
		AA21B43428537E0400E4F217 /* Dokan */ = {
			isa = PBXGroup;
			children = (
				AA21B43528537E0400E4F217 /* AppDelegate.swift */,
				AA21B43728537E0400E4F217 /* SceneDelegate.swift */,
				AA21B43928537E0400E4F217 /* ViewController.swift */,
				AA21B43B28537E0400E4F217 /* Main.storyboard */,
				AA21B43E28537E0500E4F217 /* Assets.xcassets */,
				AA21B44028537E0500E4F217 /* LaunchScreen.storyboard */,
				AA21B44328537E0500E4F217 /* Info.plist */,
				AAA2E17C285CBB9100EAD189 /* GoogleService-Info.plist */,
			);
			path = Dokan;
			sourceTree = "<group>";
		};
		AA4B15022853F4A500F1C3EF /* DokanTests */ = {
			isa = PBXGroup;
			children = (
				AA4B15032853F4A500F1C3EF /* DokanTests.swift */,
			);
			path = DokanTests;
			sourceTree = "<group>";
		};
		AAE1A1BD285E1A3A00A4EBB0 /* Frameworks */ = {
			isa = PBXGroup;
			children = (
				AAE1A1C2285E1A4900A4EBB0 /* DKFoundation.framework */,
			);
			name = Frameworks;
			sourceTree = "<group>";
		};
/* End PBXGroup section */

/* Begin PBXNativeTarget section */
		AA21B43128537E0400E4F217 /* Dokan */ = {
			isa = PBXNativeTarget;
			buildConfigurationList = AA21B44628537E0500E4F217 /* Build configuration list for PBXNativeTarget "Dokan" */;
			buildPhases = (
				AA21B42E28537E0400E4F217 /* Sources */,
				AA21B42F28537E0400E4F217 /* Frameworks */,
				AA21B43028537E0400E4F217 /* Resources */,
				AAA2E183285CC0BB00EAD189 /* Crashlytics */,
				AAE1A1C5285E1A4900A4EBB0 /* Embed Frameworks */,
			);
			buildRules = (
			);
			dependencies = (
			);
			name = Dokan;
			packageProductDependencies = (
				AAA2E17F285CBFCA00EAD189 /* FirebaseAnalytics */,
				AAA2E181285CBFCA00EAD189 /* FirebaseCrashlytics */,
				AAE1A1BE285E1A3A00A4EBB0 /* Networking */,
				AAE1A1C0285E1A3D00A4EBB0 /* UIDokan */,
			);
			productName = Dokan;
			productReference = AA21B43228537E0400E4F217 /* Dokan.app */;
			productType = "com.apple.product-type.application";
		};
		AA4B15002853F4A500F1C3EF /* DokanTests */ = {
			isa = PBXNativeTarget;
			buildConfigurationList = AA4B15092853F4A500F1C3EF /* Build configuration list for PBXNativeTarget "DokanTests" */;
			buildPhases = (
				AA4B14FD2853F4A500F1C3EF /* Sources */,
				AA4B14FE2853F4A500F1C3EF /* Frameworks */,
				AA4B14FF2853F4A500F1C3EF /* Resources */,
			);
			buildRules = (
			);
			dependencies = (
				AA4B15062853F4A500F1C3EF /* PBXTargetDependency */,
			);
			name = DokanTests;
			productName = DokanTests;
			productReference = AA4B15012853F4A500F1C3EF /* DokanTests.xctest */;
			productType = "com.apple.product-type.bundle.unit-test";
		};
/* End PBXNativeTarget section */

/* Begin PBXProject section */
		AA21B42A28537E0400E4F217 /* Project object */ = {
			isa = PBXProject;
			attributes = {
				BuildIndependentTargetsInParallel = 1;
				LastSwiftUpdateCheck = 1330;
				LastUpgradeCheck = 1330;
				TargetAttributes = {
					AA21B43128537E0400E4F217 = {
						CreatedOnToolsVersion = 13.3;
					};
					AA4B15002853F4A500F1C3EF = {
						CreatedOnToolsVersion = 13.3;
						TestTargetID = AA21B43128537E0400E4F217;
					};
				};
			};
			buildConfigurationList = AA21B42D28537E0400E4F217 /* Build configuration list for PBXProject "Dokan" */;
			compatibilityVersion = "Xcode 13.0";
			developmentRegion = en;
			hasScannedForEncodings = 0;
			knownRegions = (
				en,
				Base,
			);
			mainGroup = AA21B42928537E0400E4F217;
			packageReferences = (
				AAA2E17E285CBFCA00EAD189 /* XCRemoteSwiftPackageReference "firebase-ios-sdk" */,
			);
			productRefGroup = AA21B43328537E0400E4F217 /* Products */;
			projectDirPath = "";
			projectRoot = "";
			targets = (
				AA21B43128537E0400E4F217 /* Dokan */,
				AA4B15002853F4A500F1C3EF /* DokanTests */,
			);
		};
/* End PBXProject section */

/* Begin PBXResourcesBuildPhase section */
		AA21B43028537E0400E4F217 /* Resources */ = {
			isa = PBXResourcesBuildPhase;
			buildActionMask = 2147483647;
			files = (
				AA21B44228537E0500E4F217 /* LaunchScreen.storyboard in Resources */,
				AAA2E17D285CBB9100EAD189 /* GoogleService-Info.plist in Resources */,
				AA21B43F28537E0500E4F217 /* Assets.xcassets in Resources */,
				AA21B43D28537E0400E4F217 /* Main.storyboard in Resources */,
			);
			runOnlyForDeploymentPostprocessing = 0;
		};
		AA4B14FF2853F4A500F1C3EF /* Resources */ = {
			isa = PBXResourcesBuildPhase;
			buildActionMask = 2147483647;
			files = (
			);
			runOnlyForDeploymentPostprocessing = 0;
		};
/* End PBXResourcesBuildPhase section */

/* Begin PBXShellScriptBuildPhase section */
		AAA2E183285CC0BB00EAD189 /* Crashlytics */ = {
			isa = PBXShellScriptBuildPhase;
			buildActionMask = 2147483647;
			files = (
			);
			inputFileListPaths = (
			);
			inputPaths = (
				"${DWARF_DSYM_FOLDER_PATH}/${DWARF_DSYM_FILE_NAME}/Contents/Resources/DWARF/${TARGET_NAME}",
				"$(SRCROOT)/$(BUILT_PRODUCTS_DIR)/$(INFOPLIST_PATH)",
			);
			name = Crashlytics;
			outputFileListPaths = (
			);
			outputPaths = (
			);
			runOnlyForDeploymentPostprocessing = 0;
			shellPath = /bin/sh;
			shellScript = "# Type a script or drag a script file from your workspace to insert its path.\n\"${BUILD_DIR%/Build/*}/SourcePackages/checkouts/firebase-ios-sdk/Crashlytics/run\"\n";
		};
/* End PBXShellScriptBuildPhase section */

/* Begin PBXSourcesBuildPhase section */
		AA21B42E28537E0400E4F217 /* Sources */ = {
			isa = PBXSourcesBuildPhase;
			buildActionMask = 2147483647;
			files = (
				AA21B43A28537E0400E4F217 /* ViewController.swift in Sources */,
				AA21B43628537E0400E4F217 /* AppDelegate.swift in Sources */,
				AA21B43828537E0400E4F217 /* SceneDelegate.swift in Sources */,
			);
			runOnlyForDeploymentPostprocessing = 0;
		};
		AA4B14FD2853F4A500F1C3EF /* Sources */ = {
			isa = PBXSourcesBuildPhase;
			buildActionMask = 2147483647;
			files = (
				AA4B15042853F4A500F1C3EF /* DokanTests.swift in Sources */,
			);
			runOnlyForDeploymentPostprocessing = 0;
		};
/* End PBXSourcesBuildPhase section */

/* Begin PBXTargetDependency section */
		AA4B15062853F4A500F1C3EF /* PBXTargetDependency */ = {
			isa = PBXTargetDependency;
			target = AA21B43128537E0400E4F217 /* Dokan */;
			targetProxy = AA4B15052853F4A500F1C3EF /* PBXContainerItemProxy */;
		};
/* End PBXTargetDependency section */

/* Begin PBXVariantGroup section */
		AA21B43B28537E0400E4F217 /* Main.storyboard */ = {
			isa = PBXVariantGroup;
			children = (
				AA21B43C28537E0400E4F217 /* Base */,
			);
			name = Main.storyboard;
			sourceTree = "<group>";
		};
		AA21B44028537E0500E4F217 /* LaunchScreen.storyboard */ = {
			isa = PBXVariantGroup;
			children = (
				AA21B44128537E0500E4F217 /* Base */,
			);
			name = LaunchScreen.storyboard;
			sourceTree = "<group>";
		};
/* End PBXVariantGroup section */

/* Begin XCBuildConfiguration section */
		AA21B44428537E0500E4F217 /* Debug */ = {
			isa = XCBuildConfiguration;
			buildSettings = {
				ALWAYS_SEARCH_USER_PATHS = NO;
				CLANG_ANALYZER_NONNULL = YES;
				CLANG_ANALYZER_NUMBER_OBJECT_CONVERSION = YES_AGGRESSIVE;
				CLANG_CXX_LANGUAGE_STANDARD = "gnu++17";
				CLANG_ENABLE_MODULES = YES;
				CLANG_ENABLE_OBJC_ARC = YES;
				CLANG_ENABLE_OBJC_WEAK = YES;
				CLANG_WARN_BLOCK_CAPTURE_AUTORELEASING = YES;
				CLANG_WARN_BOOL_CONVERSION = YES;
				CLANG_WARN_COMMA = YES;
				CLANG_WARN_CONSTANT_CONVERSION = YES;
				CLANG_WARN_DEPRECATED_OBJC_IMPLEMENTATIONS = YES;
				CLANG_WARN_DIRECT_OBJC_ISA_USAGE = YES_ERROR;
				CLANG_WARN_DOCUMENTATION_COMMENTS = YES;
				CLANG_WARN_EMPTY_BODY = YES;
				CLANG_WARN_ENUM_CONVERSION = YES;
				CLANG_WARN_INFINITE_RECURSION = YES;
				CLANG_WARN_INT_CONVERSION = YES;
				CLANG_WARN_NON_LITERAL_NULL_CONVERSION = YES;
				CLANG_WARN_OBJC_IMPLICIT_RETAIN_SELF = YES;
				CLANG_WARN_OBJC_LITERAL_CONVERSION = YES;
				CLANG_WARN_OBJC_ROOT_CLASS = YES_ERROR;
				CLANG_WARN_QUOTED_INCLUDE_IN_FRAMEWORK_HEADER = YES;
				CLANG_WARN_RANGE_LOOP_ANALYSIS = YES;
				CLANG_WARN_STRICT_PROTOTYPES = YES;
				CLANG_WARN_SUSPICIOUS_MOVE = YES;
				CLANG_WARN_UNGUARDED_AVAILABILITY = YES_AGGRESSIVE;
				CLANG_WARN_UNREACHABLE_CODE = YES;
				CLANG_WARN__DUPLICATE_METHOD_MATCH = YES;
				COPY_PHASE_STRIP = NO;
				DEBUG_INFORMATION_FORMAT = dwarf;
				ENABLE_STRICT_OBJC_MSGSEND = YES;
				ENABLE_TESTABILITY = YES;
				GCC_C_LANGUAGE_STANDARD = gnu11;
				GCC_DYNAMIC_NO_PIC = NO;
				GCC_NO_COMMON_BLOCKS = YES;
				GCC_OPTIMIZATION_LEVEL = 0;
				GCC_PREPROCESSOR_DEFINITIONS = (
					"DEBUG=1",
					"$(inherited)",
				);
				GCC_WARN_64_TO_32_BIT_CONVERSION = YES;
				GCC_WARN_ABOUT_RETURN_TYPE = YES_ERROR;
				GCC_WARN_UNDECLARED_SELECTOR = YES;
				GCC_WARN_UNINITIALIZED_AUTOS = YES_AGGRESSIVE;
				GCC_WARN_UNUSED_FUNCTION = YES;
				GCC_WARN_UNUSED_VARIABLE = YES;
				IPHONEOS_DEPLOYMENT_TARGET = 13.0;
				MTL_ENABLE_DEBUG_INFO = INCLUDE_SOURCE;
				MTL_FAST_MATH = YES;
				ONLY_ACTIVE_ARCH = YES;
				SDKROOT = iphoneos;
				SWIFT_ACTIVE_COMPILATION_CONDITIONS = DEBUG;
				SWIFT_OPTIMIZATION_LEVEL = "-Onone";
			};
			name = Debug;
		};
		AA21B44528537E0500E4F217 /* Release */ = {
			isa = XCBuildConfiguration;
			buildSettings = {
				ALWAYS_SEARCH_USER_PATHS = NO;
				CLANG_ANALYZER_NONNULL = YES;
				CLANG_ANALYZER_NUMBER_OBJECT_CONVERSION = YES_AGGRESSIVE;
				CLANG_CXX_LANGUAGE_STANDARD = "gnu++17";
				CLANG_ENABLE_MODULES = YES;
				CLANG_ENABLE_OBJC_ARC = YES;
				CLANG_ENABLE_OBJC_WEAK = YES;
				CLANG_WARN_BLOCK_CAPTURE_AUTORELEASING = YES;
				CLANG_WARN_BOOL_CONVERSION = YES;
				CLANG_WARN_COMMA = YES;
				CLANG_WARN_CONSTANT_CONVERSION = YES;
				CLANG_WARN_DEPRECATED_OBJC_IMPLEMENTATIONS = YES;
				CLANG_WARN_DIRECT_OBJC_ISA_USAGE = YES_ERROR;
				CLANG_WARN_DOCUMENTATION_COMMENTS = YES;
				CLANG_WARN_EMPTY_BODY = YES;
				CLANG_WARN_ENUM_CONVERSION = YES;
				CLANG_WARN_INFINITE_RECURSION = YES;
				CLANG_WARN_INT_CONVERSION = YES;
				CLANG_WARN_NON_LITERAL_NULL_CONVERSION = YES;
				CLANG_WARN_OBJC_IMPLICIT_RETAIN_SELF = YES;
				CLANG_WARN_OBJC_LITERAL_CONVERSION = YES;
				CLANG_WARN_OBJC_ROOT_CLASS = YES_ERROR;
				CLANG_WARN_QUOTED_INCLUDE_IN_FRAMEWORK_HEADER = YES;
				CLANG_WARN_RANGE_LOOP_ANALYSIS = YES;
				CLANG_WARN_STRICT_PROTOTYPES = YES;
				CLANG_WARN_SUSPICIOUS_MOVE = YES;
				CLANG_WARN_UNGUARDED_AVAILABILITY = YES_AGGRESSIVE;
				CLANG_WARN_UNREACHABLE_CODE = YES;
				CLANG_WARN__DUPLICATE_METHOD_MATCH = YES;
				COPY_PHASE_STRIP = NO;
				DEBUG_INFORMATION_FORMAT = "dwarf-with-dsym";
				ENABLE_NS_ASSERTIONS = NO;
				ENABLE_STRICT_OBJC_MSGSEND = YES;
				GCC_C_LANGUAGE_STANDARD = gnu11;
				GCC_NO_COMMON_BLOCKS = YES;
				GCC_WARN_64_TO_32_BIT_CONVERSION = YES;
				GCC_WARN_ABOUT_RETURN_TYPE = YES_ERROR;
				GCC_WARN_UNDECLARED_SELECTOR = YES;
				GCC_WARN_UNINITIALIZED_AUTOS = YES_AGGRESSIVE;
				GCC_WARN_UNUSED_FUNCTION = YES;
				GCC_WARN_UNUSED_VARIABLE = YES;
				IPHONEOS_DEPLOYMENT_TARGET = 13.0;
				MTL_ENABLE_DEBUG_INFO = NO;
				MTL_FAST_MATH = YES;
				SDKROOT = iphoneos;
				SWIFT_COMPILATION_MODE = wholemodule;
				SWIFT_OPTIMIZATION_LEVEL = "-O";
				VALIDATE_PRODUCT = YES;
			};
			name = Release;
		};
		AA21B44728537E0500E4F217 /* Debug */ = {
			isa = XCBuildConfiguration;
			buildSettings = {
				ASSETCATALOG_COMPILER_APPICON_NAME = AppIcon;
				ASSETCATALOG_COMPILER_GLOBAL_ACCENT_COLOR_NAME = AccentColor;
				CODE_SIGN_STYLE = Automatic;
				CURRENT_PROJECT_VERSION = 1;
				DEBUG_INFORMATION_FORMAT = "dwarf-with-dsym";
				DEVELOPMENT_TEAM = L79YXVBK78;
				GENERATE_INFOPLIST_FILE = YES;
				INFOPLIST_FILE = Dokan/Info.plist;
				INFOPLIST_KEY_UIApplicationSupportsIndirectInputEvents = YES;
				INFOPLIST_KEY_UILaunchStoryboardName = LaunchScreen;
				INFOPLIST_KEY_UIMainStoryboardFile = Main;
				INFOPLIST_KEY_UISupportedInterfaceOrientations_iPad = "UIInterfaceOrientationPortrait UIInterfaceOrientationPortraitUpsideDown UIInterfaceOrientationLandscapeLeft UIInterfaceOrientationLandscapeRight";
				INFOPLIST_KEY_UISupportedInterfaceOrientations_iPhone = "UIInterfaceOrientationPortrait UIInterfaceOrientationLandscapeLeft UIInterfaceOrientationLandscapeRight";
				IPHONEOS_DEPLOYMENT_TARGET = 13.0;
				LD_RUNPATH_SEARCH_PATHS = (
					"$(inherited)",
					"@executable_path/Frameworks",
				);
				MARKETING_VERSION = 1.0;
				PRODUCT_BUNDLE_IDENTIFIER = com.motoon.Dokan;
				PRODUCT_NAME = "$(TARGET_NAME)";
				SWIFT_EMIT_LOC_STRINGS = YES;
				SWIFT_VERSION = 5.0;
				TARGETED_DEVICE_FAMILY = "1,2";
			};
			name = Debug;
		};
		AA21B44828537E0500E4F217 /* Release */ = {
			isa = XCBuildConfiguration;
			buildSettings = {
				ASSETCATALOG_COMPILER_APPICON_NAME = AppIcon;
				ASSETCATALOG_COMPILER_GLOBAL_ACCENT_COLOR_NAME = AccentColor;
				CODE_SIGN_STYLE = Automatic;
				CURRENT_PROJECT_VERSION = 1;
				DEBUG_INFORMATION_FORMAT = "dwarf-with-dsym";
				DEVELOPMENT_TEAM = L79YXVBK78;
				GENERATE_INFOPLIST_FILE = YES;
				INFOPLIST_FILE = Dokan/Info.plist;
				INFOPLIST_KEY_UIApplicationSupportsIndirectInputEvents = YES;
				INFOPLIST_KEY_UILaunchStoryboardName = LaunchScreen;
				INFOPLIST_KEY_UIMainStoryboardFile = Main;
				INFOPLIST_KEY_UISupportedInterfaceOrientations_iPad = "UIInterfaceOrientationPortrait UIInterfaceOrientationPortraitUpsideDown UIInterfaceOrientationLandscapeLeft UIInterfaceOrientationLandscapeRight";
				INFOPLIST_KEY_UISupportedInterfaceOrientations_iPhone = "UIInterfaceOrientationPortrait UIInterfaceOrientationLandscapeLeft UIInterfaceOrientationLandscapeRight";
				IPHONEOS_DEPLOYMENT_TARGET = 13.0;
				LD_RUNPATH_SEARCH_PATHS = (
					"$(inherited)",
					"@executable_path/Frameworks",
				);
				MARKETING_VERSION = 1.0;
				PRODUCT_BUNDLE_IDENTIFIER = com.motoon.Dokan;
				PRODUCT_NAME = "$(TARGET_NAME)";
				SWIFT_EMIT_LOC_STRINGS = YES;
				SWIFT_VERSION = 5.0;
				TARGETED_DEVICE_FAMILY = "1,2";
			};
			name = Release;
		};
		AA4B15072853F4A500F1C3EF /* Debug */ = {
			isa = XCBuildConfiguration;
			buildSettings = {
				BUNDLE_LOADER = "$(TEST_HOST)";
				CODE_SIGN_STYLE = Automatic;
				CURRENT_PROJECT_VERSION = 1;
				DEVELOPMENT_TEAM = L79YXVBK78;
				GENERATE_INFOPLIST_FILE = YES;
				IPHONEOS_DEPLOYMENT_TARGET = 13.0;
				MARKETING_VERSION = 1.0;
				PRODUCT_BUNDLE_IDENTIFIER = com.motoon.DokanTests;
				PRODUCT_NAME = "$(TARGET_NAME)";
				SWIFT_EMIT_LOC_STRINGS = NO;
				SWIFT_VERSION = 5.0;
				TARGETED_DEVICE_FAMILY = "1,2";
				TEST_HOST = "$(BUILT_PRODUCTS_DIR)/Dokan.app/Dokan";
			};
			name = Debug;
		};
		AA4B15082853F4A500F1C3EF /* Release */ = {
			isa = XCBuildConfiguration;
			buildSettings = {
				BUNDLE_LOADER = "$(TEST_HOST)";
				CODE_SIGN_STYLE = Automatic;
				CURRENT_PROJECT_VERSION = 1;
				DEVELOPMENT_TEAM = L79YXVBK78;
				GENERATE_INFOPLIST_FILE = YES;
				IPHONEOS_DEPLOYMENT_TARGET = 13.0;
				MARKETING_VERSION = 1.0;
				PRODUCT_BUNDLE_IDENTIFIER = com.motoon.DokanTests;
				PRODUCT_NAME = "$(TARGET_NAME)";
				SWIFT_EMIT_LOC_STRINGS = NO;
				SWIFT_VERSION = 5.0;
				TARGETED_DEVICE_FAMILY = "1,2";
				TEST_HOST = "$(BUILT_PRODUCTS_DIR)/Dokan.app/Dokan";
			};
			name = Release;
		};
/* End XCBuildConfiguration section */

/* Begin XCConfigurationList section */
		AA21B42D28537E0400E4F217 /* Build configuration list for PBXProject "Dokan" */ = {
			isa = XCConfigurationList;
			buildConfigurations = (
				AA21B44428537E0500E4F217 /* Debug */,
				AA21B44528537E0500E4F217 /* Release */,
			);
			defaultConfigurationIsVisible = 0;
			defaultConfigurationName = Release;
		};
		AA21B44628537E0500E4F217 /* Build configuration list for PBXNativeTarget "Dokan" */ = {
			isa = XCConfigurationList;
			buildConfigurations = (
				AA21B44728537E0500E4F217 /* Debug */,
				AA21B44828537E0500E4F217 /* Release */,
			);
			defaultConfigurationIsVisible = 0;
			defaultConfigurationName = Release;
		};
		AA4B15092853F4A500F1C3EF /* Build configuration list for PBXNativeTarget "DokanTests" */ = {
			isa = XCConfigurationList;
			buildConfigurations = (
				AA4B15072853F4A500F1C3EF /* Debug */,
				AA4B15082853F4A500F1C3EF /* Release */,
			);
			defaultConfigurationIsVisible = 0;
			defaultConfigurationName = Release;
		};
/* End XCConfigurationList section */

/* Begin XCRemoteSwiftPackageReference section */
		AAA2E17E285CBFCA00EAD189 /* XCRemoteSwiftPackageReference "firebase-ios-sdk" */ = {
			isa = XCRemoteSwiftPackageReference;
			repositoryURL = "https://github.com/firebase/firebase-ios-sdk";
			requirement = {
				kind = upToNextMajorVersion;
				minimumVersion = 9.0.0;
			};
		};
/* End XCRemoteSwiftPackageReference section */

/* Begin XCSwiftPackageProductDependency section */
		AAA2E17F285CBFCA00EAD189 /* FirebaseAnalytics */ = {
			isa = XCSwiftPackageProductDependency;
			package = AAA2E17E285CBFCA00EAD189 /* XCRemoteSwiftPackageReference "firebase-ios-sdk" */;
			productName = FirebaseAnalytics;
		};
		AAA2E181285CBFCA00EAD189 /* FirebaseCrashlytics */ = {
			isa = XCSwiftPackageProductDependency;
			package = AAA2E17E285CBFCA00EAD189 /* XCRemoteSwiftPackageReference "firebase-ios-sdk" */;
			productName = FirebaseCrashlytics;
		};
		AAE1A1BE285E1A3A00A4EBB0 /* Networking */ = {
			isa = XCSwiftPackageProductDependency;
			productName = Networking;
		};
		AAE1A1C0285E1A3D00A4EBB0 /* UIDokan */ = {
			isa = XCSwiftPackageProductDependency;
			productName = UIDokan;
		};
/* End XCSwiftPackageProductDependency section */
	};
	rootObject = AA21B42A28537E0400E4F217 /* Project object */;
}
