// !$*UTF8*$!
{
	archiveVersion = 1;
	classes = {
	};
	objectVersion = 55;
	objects = {

/* Begin PBXBuildFile section */
		276889DC287417730091ACEB /* RegisterViewController.swift in Sources */ = {isa = PBXBuildFile; fileRef = 276889DA287417730091ACEB /* RegisterViewController.swift */; };
		276889DD287417730091ACEB /* RegisterViewController.xib in Resources */ = {isa = PBXBuildFile; fileRef = 276889DB287417730091ACEB /* RegisterViewController.xib */; };
		276889DF28741F750091ACEB /* RegisterViewModel.swift in Sources */ = {isa = PBXBuildFile; fileRef = 276889DE28741F750091ACEB /* RegisterViewModel.swift */; };
		276889E1287420980091ACEB /* RegisterViewModelType.swift in Sources */ = {isa = PBXBuildFile; fileRef = 276889E0287420980091ACEB /* RegisterViewModelType.swift */; };
		276889E328742A4C0091ACEB /* RegisterViewControllerTests.swift in Sources */ = {isa = PBXBuildFile; fileRef = 276889E228742A4C0091ACEB /* RegisterViewControllerTests.swift */; };
		437D1B1E2870F2C400B972BC /* Core in Frameworks */ = {isa = PBXBuildFile; productRef = 437D1B1D2870F2C400B972BC /* Core */; };
		85B31DBA2870BEDE00B1C9E8 /* LoginViewModelType.swift in Sources */ = {isa = PBXBuildFile; fileRef = 85B31DB62870BEDE00B1C9E8 /* LoginViewModelType.swift */; };
		85B31DBB2870BEDE00B1C9E8 /* LoginViewController.swift in Sources */ = {isa = PBXBuildFile; fileRef = 85B31DB72870BEDE00B1C9E8 /* LoginViewController.swift */; };
		85B31DBC2870BEDE00B1C9E8 /* LoginViewModel.swift in Sources */ = {isa = PBXBuildFile; fileRef = 85B31DB82870BEDE00B1C9E8 /* LoginViewModel.swift */; };
		85B31DBD2870BEDE00B1C9E8 /* LoginViewController.xib in Resources */ = {isa = PBXBuildFile; fileRef = 85B31DB92870BEDE00B1C9E8 /* LoginViewController.xib */; };
		85B31DC02870BF4300B1C9E8 /* LoginViewModelTests.swift in Sources */ = {isa = PBXBuildFile; fileRef = 85B31DBF2870BF4300B1C9E8 /* LoginViewModelTests.swift */; };
		85F6B6DA28919C87007730AB /* ProductDetailsNavigationBarBehavior.swift in Sources */ = {isa = PBXBuildFile; fileRef = 85F6B6D928919C87007730AB /* ProductDetailsNavigationBarBehavior.swift */; };
		AA21B43628537E0400E4F217 /* AppDelegate.swift in Sources */ = {isa = PBXBuildFile; fileRef = AA21B43528537E0400E4F217 /* AppDelegate.swift */; };
		AA21B43828537E0400E4F217 /* SceneDelegate.swift in Sources */ = {isa = PBXBuildFile; fileRef = AA21B43728537E0400E4F217 /* SceneDelegate.swift */; };
		AA21B43A28537E0400E4F217 /* ViewController.swift in Sources */ = {isa = PBXBuildFile; fileRef = AA21B43928537E0400E4F217 /* ViewController.swift */; };
		AA21B43D28537E0400E4F217 /* Main.storyboard in Resources */ = {isa = PBXBuildFile; fileRef = AA21B43B28537E0400E4F217 /* Main.storyboard */; };
		AA21B43F28537E0500E4F217 /* Assets.xcassets in Resources */ = {isa = PBXBuildFile; fileRef = AA21B43E28537E0500E4F217 /* Assets.xcassets */; };
		AA21B44228537E0500E4F217 /* LaunchScreen.storyboard in Resources */ = {isa = PBXBuildFile; fileRef = AA21B44028537E0500E4F217 /* LaunchScreen.storyboard */; };
		AA4B15042853F4A500F1C3EF /* DokanTests.swift in Sources */ = {isa = PBXBuildFile; fileRef = AA4B15032853F4A500F1C3EF /* DokanTests.swift */; };
		AA57CB2E2881B21800FE62C8 /* ProductDetailsViewModelType.swift in Sources */ = {isa = PBXBuildFile; fileRef = AA57CB2A2881B21800FE62C8 /* ProductDetailsViewModelType.swift */; };
		AA57CB2F2881B21800FE62C8 /* ProductDetailsViewController.swift in Sources */ = {isa = PBXBuildFile; fileRef = AA57CB2B2881B21800FE62C8 /* ProductDetailsViewController.swift */; };
		AA57CB302881B21800FE62C8 /* ProductDetailsViewModel.swift in Sources */ = {isa = PBXBuildFile; fileRef = AA57CB2C2881B21800FE62C8 /* ProductDetailsViewModel.swift */; };
		AA57CB312881B21800FE62C8 /* ProductDetailsViewController.xib in Resources */ = {isa = PBXBuildFile; fileRef = AA57CB2D2881B21800FE62C8 /* ProductDetailsViewController.xib */; };
		AA98C0702867E660004C5967 /* DKFoundation in Frameworks */ = {isa = PBXBuildFile; productRef = AA98C06F2867E660004C5967 /* DKFoundation */; };
		AA98C0762867EAC0004C5967 /* Logging.swift in Sources */ = {isa = PBXBuildFile; fileRef = AA98C0752867EAC0004C5967 /* Logging.swift */; };
		AAA2E17D285CBB9100EAD189 /* GoogleService-Info.plist in Resources */ = {isa = PBXBuildFile; fileRef = AAA2E17C285CBB9100EAD189 /* GoogleService-Info.plist */; };
		AAA2E180285CBFCA00EAD189 /* FirebaseAnalytics in Frameworks */ = {isa = PBXBuildFile; productRef = AAA2E17F285CBFCA00EAD189 /* FirebaseAnalytics */; };
		AAA2E182285CBFCA00EAD189 /* FirebaseCrashlytics in Frameworks */ = {isa = PBXBuildFile; productRef = AAA2E181285CBFCA00EAD189 /* FirebaseCrashlytics */; };
		AAE1A1BF285E1A3A00A4EBB0 /* Networking in Frameworks */ = {isa = PBXBuildFile; productRef = AAE1A1BE285E1A3A00A4EBB0 /* Networking */; };
		AAE1A1C1285E1A3D00A4EBB0 /* UIDokan in Frameworks */ = {isa = PBXBuildFile; productRef = AAE1A1C0285E1A3D00A4EBB0 /* UIDokan */; };
		E251D04D28784A050065C852 /* VerificationViewModelType.swift in Sources */ = {isa = PBXBuildFile; fileRef = E251D04928784A050065C852 /* VerificationViewModelType.swift */; };
		E251D04E28784A050065C852 /* VerificationViewController.swift in Sources */ = {isa = PBXBuildFile; fileRef = E251D04A28784A050065C852 /* VerificationViewController.swift */; };
		E251D04F28784A050065C852 /* VerificationViewModel.swift in Sources */ = {isa = PBXBuildFile; fileRef = E251D04B28784A050065C852 /* VerificationViewModel.swift */; };
		E251D05028784A050065C852 /* VerificationViewController.xib in Resources */ = {isa = PBXBuildFile; fileRef = E251D04C28784A050065C852 /* VerificationViewController.xib */; };
/* End PBXBuildFile section */

/* Begin PBXContainerItemProxy section */
		AA4B15052853F4A500F1C3EF /* PBXContainerItemProxy */ = {
			isa = PBXContainerItemProxy;
			containerPortal = AA21B42A28537E0400E4F217 /* Project object */;
			proxyType = 1;
			remoteGlobalIDString = AA21B43128537E0400E4F217;
			remoteInfo = Dokan;
		};
/* End PBXContainerItemProxy section */

/* Begin PBXFileReference section */
		276889DA287417730091ACEB /* RegisterViewController.swift */ = {isa = PBXFileReference; lastKnownFileType = sourcecode.swift; path = RegisterViewController.swift; sourceTree = "<group>"; };
		276889DB287417730091ACEB /* RegisterViewController.xib */ = {isa = PBXFileReference; lastKnownFileType = file.xib; path = RegisterViewController.xib; sourceTree = "<group>"; };
		276889DE28741F750091ACEB /* RegisterViewModel.swift */ = {isa = PBXFileReference; lastKnownFileType = sourcecode.swift; path = RegisterViewModel.swift; sourceTree = "<group>"; };
		276889E0287420980091ACEB /* RegisterViewModelType.swift */ = {isa = PBXFileReference; lastKnownFileType = sourcecode.swift; path = RegisterViewModelType.swift; sourceTree = "<group>"; };
		276889E228742A4C0091ACEB /* RegisterViewControllerTests.swift */ = {isa = PBXFileReference; lastKnownFileType = sourcecode.swift; name = RegisterViewControllerTests.swift; path = DokanTests/Scenes/Registratio9nTest/RegisterViewControllerTests.swift; sourceTree = SOURCE_ROOT; };
		85B31DB62870BEDE00B1C9E8 /* LoginViewModelType.swift */ = {isa = PBXFileReference; lastKnownFileType = sourcecode.swift; path = LoginViewModelType.swift; sourceTree = "<group>"; };
		85B31DB72870BEDE00B1C9E8 /* LoginViewController.swift */ = {isa = PBXFileReference; lastKnownFileType = sourcecode.swift; path = LoginViewController.swift; sourceTree = "<group>"; };
		85B31DB82870BEDE00B1C9E8 /* LoginViewModel.swift */ = {isa = PBXFileReference; lastKnownFileType = sourcecode.swift; path = LoginViewModel.swift; sourceTree = "<group>"; };
		85B31DB92870BEDE00B1C9E8 /* LoginViewController.xib */ = {isa = PBXFileReference; lastKnownFileType = file.xib; path = LoginViewController.xib; sourceTree = "<group>"; };
		85B31DBF2870BF4300B1C9E8 /* LoginViewModelTests.swift */ = {isa = PBXFileReference; lastKnownFileType = sourcecode.swift; path = LoginViewModelTests.swift; sourceTree = "<group>"; };
		85F6B6D928919C87007730AB /* ProductDetailsNavigationBarBehavior.swift */ = {isa = PBXFileReference; lastKnownFileType = sourcecode.swift; path = ProductDetailsNavigationBarBehavior.swift; sourceTree = "<group>"; };
		AA21B43228537E0400E4F217 /* Dokan.app */ = {isa = PBXFileReference; explicitFileType = wrapper.application; includeInIndex = 0; path = Dokan.app; sourceTree = BUILT_PRODUCTS_DIR; };
		AA21B43528537E0400E4F217 /* AppDelegate.swift */ = {isa = PBXFileReference; lastKnownFileType = sourcecode.swift; path = AppDelegate.swift; sourceTree = "<group>"; };
		AA21B43728537E0400E4F217 /* SceneDelegate.swift */ = {isa = PBXFileReference; lastKnownFileType = sourcecode.swift; path = SceneDelegate.swift; sourceTree = "<group>"; };
		AA21B43928537E0400E4F217 /* ViewController.swift */ = {isa = PBXFileReference; lastKnownFileType = sourcecode.swift; path = ViewController.swift; sourceTree = "<group>"; };
		AA21B43C28537E0400E4F217 /* Base */ = {isa = PBXFileReference; lastKnownFileType = file.storyboard; name = Base; path = Base.lproj/Main.storyboard; sourceTree = "<group>"; };
		AA21B43E28537E0500E4F217 /* Assets.xcassets */ = {isa = PBXFileReference; lastKnownFileType = folder.assetcatalog; path = Assets.xcassets; sourceTree = "<group>"; };
		AA21B44128537E0500E4F217 /* Base */ = {isa = PBXFileReference; lastKnownFileType = file.storyboard; name = Base; path = Base.lproj/LaunchScreen.storyboard; sourceTree = "<group>"; };
		AA21B44328537E0500E4F217 /* Info.plist */ = {isa = PBXFileReference; lastKnownFileType = text.plist.xml; path = Info.plist; sourceTree = "<group>"; };
		AA4B15012853F4A500F1C3EF /* DokanTests.xctest */ = {isa = PBXFileReference; explicitFileType = wrapper.cfbundle; includeInIndex = 0; path = DokanTests.xctest; sourceTree = BUILT_PRODUCTS_DIR; };
		AA4B15032853F4A500F1C3EF /* DokanTests.swift */ = {isa = PBXFileReference; lastKnownFileType = sourcecode.swift; path = DokanTests.swift; sourceTree = "<group>"; };
		AA57CB2A2881B21800FE62C8 /* ProductDetailsViewModelType.swift */ = {isa = PBXFileReference; lastKnownFileType = sourcecode.swift; path = ProductDetailsViewModelType.swift; sourceTree = "<group>"; };
		AA57CB2B2881B21800FE62C8 /* ProductDetailsViewController.swift */ = {isa = PBXFileReference; lastKnownFileType = sourcecode.swift; path = ProductDetailsViewController.swift; sourceTree = "<group>"; };
		AA57CB2C2881B21800FE62C8 /* ProductDetailsViewModel.swift */ = {isa = PBXFileReference; lastKnownFileType = sourcecode.swift; path = ProductDetailsViewModel.swift; sourceTree = "<group>"; };
		AA57CB2D2881B21800FE62C8 /* ProductDetailsViewController.xib */ = {isa = PBXFileReference; lastKnownFileType = file.xib; path = ProductDetailsViewController.xib; sourceTree = "<group>"; };
		AA98C0752867EAC0004C5967 /* Logging.swift */ = {isa = PBXFileReference; lastKnownFileType = sourcecode.swift; path = Logging.swift; sourceTree = "<group>"; };
		AAA2E17C285CBB9100EAD189 /* GoogleService-Info.plist */ = {isa = PBXFileReference; fileEncoding = 4; lastKnownFileType = text.plist.xml; path = "GoogleService-Info.plist"; sourceTree = "<group>"; };
		AAE1A1C2285E1A4900A4EBB0 /* DKFoundation.framework */ = {isa = PBXFileReference; explicitFileType = wrapper.framework; path = DKFoundation.framework; sourceTree = BUILT_PRODUCTS_DIR; };
		E251D04928784A050065C852 /* VerificationViewModelType.swift */ = {isa = PBXFileReference; lastKnownFileType = sourcecode.swift; path = VerificationViewModelType.swift; sourceTree = "<group>"; };
		E251D04A28784A050065C852 /* VerificationViewController.swift */ = {isa = PBXFileReference; lastKnownFileType = sourcecode.swift; path = VerificationViewController.swift; sourceTree = "<group>"; };
		E251D04B28784A050065C852 /* VerificationViewModel.swift */ = {isa = PBXFileReference; lastKnownFileType = sourcecode.swift; path = VerificationViewModel.swift; sourceTree = "<group>"; };
		E251D04C28784A050065C852 /* VerificationViewController.xib */ = {isa = PBXFileReference; lastKnownFileType = file.xib; path = VerificationViewController.xib; sourceTree = "<group>"; };
/* End PBXFileReference section */

/* Begin PBXFrameworksBuildPhase section */
		AA21B42F28537E0400E4F217 /* Frameworks */ = {
			isa = PBXFrameworksBuildPhase;
			buildActionMask = 2147483647;
			files = (
				AAE1A1BF285E1A3A00A4EBB0 /* Networking in Frameworks */,
				AAA2E180285CBFCA00EAD189 /* FirebaseAnalytics in Frameworks */,
				AAE1A1C1285E1A3D00A4EBB0 /* UIDokan in Frameworks */,
				AA98C0702867E660004C5967 /* DKFoundation in Frameworks */,
				AAA2E182285CBFCA00EAD189 /* FirebaseCrashlytics in Frameworks */,
				437D1B1E2870F2C400B972BC /* Core in Frameworks */,
			);
			runOnlyForDeploymentPostprocessing = 0;
		};
		AA4B14FE2853F4A500F1C3EF /* Frameworks */ = {
			isa = PBXFrameworksBuildPhase;
			buildActionMask = 2147483647;
			files = (
			);
			runOnlyForDeploymentPostprocessing = 0;
		};
/* End PBXFrameworksBuildPhase section */

/* Begin PBXGroup section */
		273F1DE32874A4A4006485D6 /* Registratio9nTest */ = {
			isa = PBXGroup;
			children = (
				276889E228742A4C0091ACEB /* RegisterViewControllerTests.swift */,
			);
			path = Registratio9nTest;
			sourceTree = "<group>";
		};
		276889D92874162B0091ACEB /* Registration */ = {
			isa = PBXGroup;
			children = (
				276889DA287417730091ACEB /* RegisterViewController.swift */,
				276889DB287417730091ACEB /* RegisterViewController.xib */,
				276889DE28741F750091ACEB /* RegisterViewModel.swift */,
				276889E0287420980091ACEB /* RegisterViewModelType.swift */,
			);
			path = Registration;
			sourceTree = "<group>";
		};
		85B31DAD2870BD4700B1C9E8 /* Login */ = {
			isa = PBXGroup;
			children = (
				85B31DB62870BEDE00B1C9E8 /* LoginViewModelType.swift */,
				85B31DB72870BEDE00B1C9E8 /* LoginViewController.swift */,
				85B31DB82870BEDE00B1C9E8 /* LoginViewModel.swift */,
				85B31DB92870BEDE00B1C9E8 /* LoginViewController.xib */,
			);
			path = Login;
			sourceTree = "<group>";
		};
		85B31DBE2870BF3500B1C9E8 /* Login */ = {
			isa = PBXGroup;
			children = (
				85B31DBF2870BF4300B1C9E8 /* LoginViewModelTests.swift */,
			);
			path = Login;
			sourceTree = "<unknown>";
		};
		AA21B42928537E0400E4F217 = {
			isa = PBXGroup;
			children = (
				AA21B43428537E0400E4F217 /* Dokan */,
				AA4B15022853F4A500F1C3EF /* DokanTests */,
				AA21B43328537E0400E4F217 /* Products */,
				AAE1A1BD285E1A3A00A4EBB0 /* Frameworks */,
			);
			sourceTree = "<group>";
		};
		AA21B43328537E0400E4F217 /* Products */ = {
			isa = PBXGroup;
			children = (
				AA21B43228537E0400E4F217 /* Dokan.app */,
				AA4B15012853F4A500F1C3EF /* DokanTests.xctest */,
			);
			name = Products;
			sourceTree = "<group>";
		};
		AA21B43428537E0400E4F217 /* Dokan */ = {
			isa = PBXGroup;
			children = (
				AA98C0742867EAB7004C5967 /* Internal */,
				AAF5F1DA286F76F2002DA8ED /* Scenes */,
				AAF5F1DB286F76FD002DA8ED /* System */,
				AA21B43528537E0400E4F217 /* AppDelegate.swift */,
				AA21B43728537E0400E4F217 /* SceneDelegate.swift */,
				AA21B43928537E0400E4F217 /* ViewController.swift */,
				AA21B43B28537E0400E4F217 /* Main.storyboard */,
				AA21B43E28537E0500E4F217 /* Assets.xcassets */,
				AA21B44028537E0500E4F217 /* LaunchScreen.storyboard */,
				AA21B44328537E0500E4F217 /* Info.plist */,
				AAA2E17C285CBB9100EAD189 /* GoogleService-Info.plist */,
			);
			path = Dokan;
			sourceTree = "<group>";
		};
		AA4B15022853F4A500F1C3EF /* DokanTests */ = {
			isa = PBXGroup;
			children = (
				AAF5F1DC286F770C002DA8ED /* Scenes */,
				AA4B15032853F4A500F1C3EF /* DokanTests.swift */,
			);
			path = DokanTests;
			sourceTree = "<group>";
		};
		AA57CB322881B22000FE62C8 /* ProductDetails */ = {
			isa = PBXGroup;
			children = (
				AA57CB332881B50500FE62C8 /* Views */,
				AA57CB2B2881B21800FE62C8 /* ProductDetailsViewController.swift */,
				AA57CB2D2881B21800FE62C8 /* ProductDetailsViewController.xib */,
				AA57CB2C2881B21800FE62C8 /* ProductDetailsViewModel.swift */,
				AA57CB2A2881B21800FE62C8 /* ProductDetailsViewModelType.swift */,
			);
			path = ProductDetails;
			sourceTree = "<group>";
		};
		AA57CB332881B50500FE62C8 /* Views */ = {
			isa = PBXGroup;
			children = (
				85F6B6D928919C87007730AB /* ProductDetailsNavigationBarBehavior.swift */,
			);
			path = Views;
			sourceTree = "<group>";
		};
		AA98C0742867EAB7004C5967 /* Internal */ = {
			isa = PBXGroup;
			children = (
				AA98C0752867EAC0004C5967 /* Logging.swift */,
			);
			path = Internal;
			sourceTree = "<group>";
		};
		AAE1A1BD285E1A3A00A4EBB0 /* Frameworks */ = {
			isa = PBXGroup;
			children = (
				AAE1A1C2285E1A4900A4EBB0 /* DKFoundation.framework */,
			);
			name = Frameworks;
			sourceTree = "<group>";
		};
		AAF5F1DA286F76F2002DA8ED /* Scenes */ = {
			isa = PBXGroup;
			children = (
				85B31DAD2870BD4700B1C9E8 /* Login */,
				276889D92874162B0091ACEB /* Registration */,
				E2156C24287342F000A92325 /* Verification */,
				AA57CB322881B22000FE62C8 /* ProductDetails */,
			);
			path = Scenes;
			sourceTree = "<group>";
		};
		AAF5F1DB286F76FD002DA8ED /* System */ = {
			isa = PBXGroup;
			children = (
			);
			path = System;
			sourceTree = "<group>";
		};
		AAF5F1DC286F770C002DA8ED /* Scenes */ = {
			isa = PBXGroup;
			children = (
				85B31DBE2870BF3500B1C9E8 /* Login */,
				273F1DE32874A4A4006485D6 /* Registratio9nTest */,
			);
			path = Scenes;
			sourceTree = "<group>";
		};
		E2156C24287342F000A92325 /* Verification */ = {
			isa = PBXGroup;
			children = (
				E251D04928784A050065C852 /* VerificationViewModelType.swift */,
				E251D04A28784A050065C852 /* VerificationViewController.swift */,
				E251D04B28784A050065C852 /* VerificationViewModel.swift */,
				E251D04C28784A050065C852 /* VerificationViewController.xib */,
			);
			path = Verification;
			sourceTree = "<group>";
		};
/* End PBXGroup section */

/* Begin PBXNativeTarget section */
		AA21B43128537E0400E4F217 /* Dokan */ = {
			isa = PBXNativeTarget;
			buildConfigurationList = AA21B44628537E0500E4F217 /* Build configuration list for PBXNativeTarget "Dokan" */;
			buildPhases = (
				AA21B42E28537E0400E4F217 /* Sources */,
				AA21B42F28537E0400E4F217 /* Frameworks */,
				AA21B43028537E0400E4F217 /* Resources */,
				AAA2E183285CC0BB00EAD189 /* Crashlytics */,
				E2F3F6C6285E53B600343A78 /* SwiftLint */,
			);
			buildRules = (
			);
			dependencies = (
			);
			name = Dokan;
			packageProductDependencies = (
				AAA2E17F285CBFCA00EAD189 /* FirebaseAnalytics */,
				AAA2E181285CBFCA00EAD189 /* FirebaseCrashlytics */,
				AAE1A1BE285E1A3A00A4EBB0 /* Networking */,
				AAE1A1C0285E1A3D00A4EBB0 /* UIDokan */,
				AA98C06F2867E660004C5967 /* DKFoundation */,
				437D1B1D2870F2C400B972BC /* Core */,
			);
			productName = Dokan;
			productReference = AA21B43228537E0400E4F217 /* Dokan.app */;
			productType = "com.apple.product-type.application";
		};
		AA4B15002853F4A500F1C3EF /* DokanTests */ = {
			isa = PBXNativeTarget;
			buildConfigurationList = AA4B15092853F4A500F1C3EF /* Build configuration list for PBXNativeTarget "DokanTests" */;
			buildPhases = (
				AA4B14FD2853F4A500F1C3EF /* Sources */,
				AA4B14FE2853F4A500F1C3EF /* Frameworks */,
				AA4B14FF2853F4A500F1C3EF /* Resources */,
			);
			buildRules = (
			);
			dependencies = (
				AA4B15062853F4A500F1C3EF /* PBXTargetDependency */,
			);
			name = DokanTests;
			packageProductDependencies = (
			);
			productName = DokanTests;
			productReference = AA4B15012853F4A500F1C3EF /* DokanTests.xctest */;
			productType = "com.apple.product-type.bundle.unit-test";
		};
/* End PBXNativeTarget section */

/* Begin PBXProject section */
		AA21B42A28537E0400E4F217 /* Project object */ = {
			isa = PBXProject;
			attributes = {
				BuildIndependentTargetsInParallel = 1;
				LastSwiftUpdateCheck = 1330;
				LastUpgradeCheck = 1330;
				TargetAttributes = {
					AA21B43128537E0400E4F217 = {
						CreatedOnToolsVersion = 13.3;
					};
					AA4B15002853F4A500F1C3EF = {
						CreatedOnToolsVersion = 13.3;
						TestTargetID = AA21B43128537E0400E4F217;
					};
				};
			};
			buildConfigurationList = AA21B42D28537E0400E4F217 /* Build configuration list for PBXProject "Dokan" */;
			compatibilityVersion = "Xcode 13.0";
			developmentRegion = en;
			hasScannedForEncodings = 0;
			knownRegions = (
				en,
				Base,
			);
			mainGroup = AA21B42928537E0400E4F217;
			packageReferences = (
				AAA2E17E285CBFCA00EAD189 /* XCRemoteSwiftPackageReference "firebase-ios-sdk" */,
			);
			productRefGroup = AA21B43328537E0400E4F217 /* Products */;
			projectDirPath = "";
			projectRoot = "";
			targets = (
				AA21B43128537E0400E4F217 /* Dokan */,
				AA4B15002853F4A500F1C3EF /* DokanTests */,
			);
		};
/* End PBXProject section */

/* Begin PBXResourcesBuildPhase section */
		AA21B43028537E0400E4F217 /* Resources */ = {
			isa = PBXResourcesBuildPhase;
			buildActionMask = 2147483647;
			files = (
				85B31DBD2870BEDE00B1C9E8 /* LoginViewController.xib in Resources */,
				E251D05028784A050065C852 /* VerificationViewController.xib in Resources */,
				AA21B44228537E0500E4F217 /* LaunchScreen.storyboard in Resources */,
				276889DD287417730091ACEB /* RegisterViewController.xib in Resources */,
				AAA2E17D285CBB9100EAD189 /* GoogleService-Info.plist in Resources */,
				AA21B43F28537E0500E4F217 /* Assets.xcassets in Resources */,
				AA57CB312881B21800FE62C8 /* ProductDetailsViewController.xib in Resources */,
				AA21B43D28537E0400E4F217 /* Main.storyboard in Resources */,
			);
			runOnlyForDeploymentPostprocessing = 0;
		};
		AA4B14FF2853F4A500F1C3EF /* Resources */ = {
			isa = PBXResourcesBuildPhase;
			buildActionMask = 2147483647;
			files = (
			);
			runOnlyForDeploymentPostprocessing = 0;
		};
/* End PBXResourcesBuildPhase section */

/* Begin PBXShellScriptBuildPhase section */
		AAA2E183285CC0BB00EAD189 /* Crashlytics */ = {
			isa = PBXShellScriptBuildPhase;
			buildActionMask = 2147483647;
			files = (
			);
			inputFileListPaths = (
			);
			inputPaths = (
				"${DWARF_DSYM_FOLDER_PATH}/${DWARF_DSYM_FILE_NAME}/Contents/Resources/DWARF/${TARGET_NAME}",
				"$(SRCROOT)/$(BUILT_PRODUCTS_DIR)/$(INFOPLIST_PATH)",
			);
			name = Crashlytics;
			outputFileListPaths = (
			);
			outputPaths = (
			);
			runOnlyForDeploymentPostprocessing = 0;
			shellPath = /bin/sh;
			shellScript = "# Type a script or drag a script file from your workspace to insert its path.\n\"${BUILD_DIR%/Build/*}/SourcePackages/checkouts/firebase-ios-sdk/Crashlytics/run\"\n";
		};
		E2F3F6C6285E53B600343A78 /* SwiftLint */ = {
			isa = PBXShellScriptBuildPhase;
			buildActionMask = 2147483647;
			files = (
			);
			inputFileListPaths = (
			);
			inputPaths = (
			);
			name = SwiftLint;
			outputFileListPaths = (
			);
			outputPaths = (
			);
			runOnlyForDeploymentPostprocessing = 0;
			shellPath = /bin/sh;
			shellScript = "# Type a script or drag a script file from your workspace to insert its path.\nexport PATH=\"$PATH:/opt/homebrew/bin\"\nCONFIG_FILE=\"${SRCROOT}/../.swiftlint.yml\"\nif which swiftlint > /dev/null; then\n  swiftlint --config $CONFIG_FILE\nelse\n  echo \"warning: SwiftLint not installed, download from https://github.com/realm/SwiftLint\"\nfi\n";
		};
/* End PBXShellScriptBuildPhase section */

/* Begin PBXSourcesBuildPhase section */
		AA21B42E28537E0400E4F217 /* Sources */ = {
			isa = PBXSourcesBuildPhase;
			buildActionMask = 2147483647;
			files = (
				85B31DBB2870BEDE00B1C9E8 /* LoginViewController.swift in Sources */,
				85B31DBA2870BEDE00B1C9E8 /* LoginViewModelType.swift in Sources */,
				E251D04E28784A050065C852 /* VerificationViewController.swift in Sources */,
				AA57CB302881B21800FE62C8 /* ProductDetailsViewModel.swift in Sources */,
				AA21B43A28537E0400E4F217 /* ViewController.swift in Sources */,
				276889E1287420980091ACEB /* RegisterViewModelType.swift in Sources */,
				276889DF28741F750091ACEB /* RegisterViewModel.swift in Sources */,
				276889DC287417730091ACEB /* RegisterViewController.swift in Sources */,
				AA21B43628537E0400E4F217 /* AppDelegate.swift in Sources */,
				AA57CB2E2881B21800FE62C8 /* ProductDetailsViewModelType.swift in Sources */,
				E251D04D28784A050065C852 /* VerificationViewModelType.swift in Sources */,
				E251D04F28784A050065C852 /* VerificationViewModel.swift in Sources */,
				85F6B6DA28919C87007730AB /* ProductDetailsNavigationBarBehavior.swift in Sources */,
				AA57CB2F2881B21800FE62C8 /* ProductDetailsViewController.swift in Sources */,
				AA21B43828537E0400E4F217 /* SceneDelegate.swift in Sources */,
				AA98C0762867EAC0004C5967 /* Logging.swift in Sources */,
				85B31DBC2870BEDE00B1C9E8 /* LoginViewModel.swift in Sources */,
			);
			runOnlyForDeploymentPostprocessing = 0;
		};
		AA4B14FD2853F4A500F1C3EF /* Sources */ = {
			isa = PBXSourcesBuildPhase;
			buildActionMask = 2147483647;
			files = (
				AA4B15042853F4A500F1C3EF /* DokanTests.swift in Sources */,
				85B31DC02870BF4300B1C9E8 /* LoginViewModelTests.swift in Sources */,
				276889E328742A4C0091ACEB /* RegisterViewControllerTests.swift in Sources */,
			);
			runOnlyForDeploymentPostprocessing = 0;
		};
/* End PBXSourcesBuildPhase section */

/* Begin PBXTargetDependency section */
		AA4B15062853F4A500F1C3EF /* PBXTargetDependency */ = {
			isa = PBXTargetDependency;
			target = AA21B43128537E0400E4F217 /* Dokan */;
			targetProxy = AA4B15052853F4A500F1C3EF /* PBXContainerItemProxy */;
		};
/* End PBXTargetDependency section */

/* Begin PBXVariantGroup section */
		AA21B43B28537E0400E4F217 /* Main.storyboard */ = {
			isa = PBXVariantGroup;
			children = (
				AA21B43C28537E0400E4F217 /* Base */,
			);
			name = Main.storyboard;
			sourceTree = "<group>";
		};
		AA21B44028537E0500E4F217 /* LaunchScreen.storyboard */ = {
			isa = PBXVariantGroup;
			children = (
				AA21B44128537E0500E4F217 /* Base */,
			);
			name = LaunchScreen.storyboard;
			sourceTree = "<group>";
		};
/* End PBXVariantGroup section */

/* Begin XCBuildConfiguration section */
		AA21B44428537E0500E4F217 /* Debug */ = {
			isa = XCBuildConfiguration;
			buildSettings = {
				ALWAYS_SEARCH_USER_PATHS = NO;
				CLANG_ANALYZER_NONNULL = YES;
				CLANG_ANALYZER_NUMBER_OBJECT_CONVERSION = YES_AGGRESSIVE;
				CLANG_CXX_LANGUAGE_STANDARD = "gnu++17";
				CLANG_ENABLE_MODULES = YES;
				CLANG_ENABLE_OBJC_ARC = YES;
				CLANG_ENABLE_OBJC_WEAK = YES;
				CLANG_WARN_BLOCK_CAPTURE_AUTORELEASING = YES;
				CLANG_WARN_BOOL_CONVERSION = YES;
				CLANG_WARN_COMMA = YES;
				CLANG_WARN_CONSTANT_CONVERSION = YES;
				CLANG_WARN_DEPRECATED_OBJC_IMPLEMENTATIONS = YES;
				CLANG_WARN_DIRECT_OBJC_ISA_USAGE = YES_ERROR;
				CLANG_WARN_DOCUMENTATION_COMMENTS = YES;
				CLANG_WARN_EMPTY_BODY = YES;
				CLANG_WARN_ENUM_CONVERSION = YES;
				CLANG_WARN_INFINITE_RECURSION = YES;
				CLANG_WARN_INT_CONVERSION = YES;
				CLANG_WARN_NON_LITERAL_NULL_CONVERSION = YES;
				CLANG_WARN_OBJC_IMPLICIT_RETAIN_SELF = YES;
				CLANG_WARN_OBJC_LITERAL_CONVERSION = YES;
				CLANG_WARN_OBJC_ROOT_CLASS = YES_ERROR;
				CLANG_WARN_QUOTED_INCLUDE_IN_FRAMEWORK_HEADER = YES;
				CLANG_WARN_RANGE_LOOP_ANALYSIS = YES;
				CLANG_WARN_STRICT_PROTOTYPES = YES;
				CLANG_WARN_SUSPICIOUS_MOVE = YES;
				CLANG_WARN_UNGUARDED_AVAILABILITY = YES_AGGRESSIVE;
				CLANG_WARN_UNREACHABLE_CODE = YES;
				CLANG_WARN__DUPLICATE_METHOD_MATCH = YES;
				COPY_PHASE_STRIP = NO;
				DEBUG_INFORMATION_FORMAT = dwarf;
				ENABLE_STRICT_OBJC_MSGSEND = YES;
				ENABLE_TESTABILITY = YES;
				GCC_C_LANGUAGE_STANDARD = gnu11;
				GCC_DYNAMIC_NO_PIC = NO;
				GCC_NO_COMMON_BLOCKS = YES;
				GCC_OPTIMIZATION_LEVEL = 0;
				GCC_PREPROCESSOR_DEFINITIONS = (
					"DEBUG=1",
					"$(inherited)",
				);
				GCC_WARN_64_TO_32_BIT_CONVERSION = YES;
				GCC_WARN_ABOUT_RETURN_TYPE = YES_ERROR;
				GCC_WARN_UNDECLARED_SELECTOR = YES;
				GCC_WARN_UNINITIALIZED_AUTOS = YES_AGGRESSIVE;
				GCC_WARN_UNUSED_FUNCTION = YES;
				GCC_WARN_UNUSED_VARIABLE = YES;
				IPHONEOS_DEPLOYMENT_TARGET = 13.0;
				MTL_ENABLE_DEBUG_INFO = INCLUDE_SOURCE;
				MTL_FAST_MATH = YES;
				ONLY_ACTIVE_ARCH = YES;
				SDKROOT = iphoneos;
				SWIFT_ACTIVE_COMPILATION_CONDITIONS = DEBUG;
				SWIFT_OPTIMIZATION_LEVEL = "-Onone";
			};
			name = Debug;
		};
		AA21B44528537E0500E4F217 /* Release */ = {
			isa = XCBuildConfiguration;
			buildSettings = {
				ALWAYS_SEARCH_USER_PATHS = NO;
				CLANG_ANALYZER_NONNULL = YES;
				CLANG_ANALYZER_NUMBER_OBJECT_CONVERSION = YES_AGGRESSIVE;
				CLANG_CXX_LANGUAGE_STANDARD = "gnu++17";
				CLANG_ENABLE_MODULES = YES;
				CLANG_ENABLE_OBJC_ARC = YES;
				CLANG_ENABLE_OBJC_WEAK = YES;
				CLANG_WARN_BLOCK_CAPTURE_AUTORELEASING = YES;
				CLANG_WARN_BOOL_CONVERSION = YES;
				CLANG_WARN_COMMA = YES;
				CLANG_WARN_CONSTANT_CONVERSION = YES;
				CLANG_WARN_DEPRECATED_OBJC_IMPLEMENTATIONS = YES;
				CLANG_WARN_DIRECT_OBJC_ISA_USAGE = YES_ERROR;
				CLANG_WARN_DOCUMENTATION_COMMENTS = YES;
				CLANG_WARN_EMPTY_BODY = YES;
				CLANG_WARN_ENUM_CONVERSION = YES;
				CLANG_WARN_INFINITE_RECURSION = YES;
				CLANG_WARN_INT_CONVERSION = YES;
				CLANG_WARN_NON_LITERAL_NULL_CONVERSION = YES;
				CLANG_WARN_OBJC_IMPLICIT_RETAIN_SELF = YES;
				CLANG_WARN_OBJC_LITERAL_CONVERSION = YES;
				CLANG_WARN_OBJC_ROOT_CLASS = YES_ERROR;
				CLANG_WARN_QUOTED_INCLUDE_IN_FRAMEWORK_HEADER = YES;
				CLANG_WARN_RANGE_LOOP_ANALYSIS = YES;
				CLANG_WARN_STRICT_PROTOTYPES = YES;
				CLANG_WARN_SUSPICIOUS_MOVE = YES;
				CLANG_WARN_UNGUARDED_AVAILABILITY = YES_AGGRESSIVE;
				CLANG_WARN_UNREACHABLE_CODE = YES;
				CLANG_WARN__DUPLICATE_METHOD_MATCH = YES;
				COPY_PHASE_STRIP = NO;
				DEBUG_INFORMATION_FORMAT = "dwarf-with-dsym";
				ENABLE_NS_ASSERTIONS = NO;
				ENABLE_STRICT_OBJC_MSGSEND = YES;
				GCC_C_LANGUAGE_STANDARD = gnu11;
				GCC_NO_COMMON_BLOCKS = YES;
				GCC_WARN_64_TO_32_BIT_CONVERSION = YES;
				GCC_WARN_ABOUT_RETURN_TYPE = YES_ERROR;
				GCC_WARN_UNDECLARED_SELECTOR = YES;
				GCC_WARN_UNINITIALIZED_AUTOS = YES_AGGRESSIVE;
				GCC_WARN_UNUSED_FUNCTION = YES;
				GCC_WARN_UNUSED_VARIABLE = YES;
				IPHONEOS_DEPLOYMENT_TARGET = 13.0;
				MTL_ENABLE_DEBUG_INFO = NO;
				MTL_FAST_MATH = YES;
				SDKROOT = iphoneos;
				SWIFT_COMPILATION_MODE = wholemodule;
				SWIFT_OPTIMIZATION_LEVEL = "-O";
				VALIDATE_PRODUCT = YES;
			};
			name = Release;
		};
		AA21B44728537E0500E4F217 /* Debug */ = {
			isa = XCBuildConfiguration;
			buildSettings = {
				ASSETCATALOG_COMPILER_APPICON_NAME = AppIcon;
				ASSETCATALOG_COMPILER_GLOBAL_ACCENT_COLOR_NAME = AccentColor;
				CODE_SIGN_STYLE = Automatic;
				CURRENT_PROJECT_VERSION = 1;
				DEBUG_INFORMATION_FORMAT = "dwarf-with-dsym";
				DEVELOPMENT_TEAM = L79YXVBK78;
				GENERATE_INFOPLIST_FILE = YES;
				INFOPLIST_FILE = Dokan/Info.plist;
				INFOPLIST_KEY_UIApplicationSupportsIndirectInputEvents = YES;
				INFOPLIST_KEY_UILaunchStoryboardName = LaunchScreen;
				INFOPLIST_KEY_UIMainStoryboardFile = Main;
				INFOPLIST_KEY_UISupportedInterfaceOrientations_iPad = "UIInterfaceOrientationPortrait UIInterfaceOrientationPortraitUpsideDown UIInterfaceOrientationLandscapeLeft UIInterfaceOrientationLandscapeRight";
				INFOPLIST_KEY_UISupportedInterfaceOrientations_iPhone = "UIInterfaceOrientationPortrait UIInterfaceOrientationLandscapeLeft UIInterfaceOrientationLandscapeRight";
				IPHONEOS_DEPLOYMENT_TARGET = 13.0;
				LD_RUNPATH_SEARCH_PATHS = (
					"$(inherited)",
					"@executable_path/Frameworks",
				);
				MARKETING_VERSION = 1.0;
				PRODUCT_BUNDLE_IDENTIFIER = com.motoon.Dokan;
				PRODUCT_NAME = "$(TARGET_NAME)";
				SWIFT_EMIT_LOC_STRINGS = YES;
				SWIFT_VERSION = 5.0;
				TARGETED_DEVICE_FAMILY = "1,2";
			};
			name = Debug;
		};
		AA21B44828537E0500E4F217 /* Release */ = {
			isa = XCBuildConfiguration;
			buildSettings = {
				ASSETCATALOG_COMPILER_APPICON_NAME = AppIcon;
				ASSETCATALOG_COMPILER_GLOBAL_ACCENT_COLOR_NAME = AccentColor;
				CODE_SIGN_STYLE = Automatic;
				CURRENT_PROJECT_VERSION = 1;
				DEBUG_INFORMATION_FORMAT = "dwarf-with-dsym";
				DEVELOPMENT_TEAM = L79YXVBK78;
				GENERATE_INFOPLIST_FILE = YES;
				INFOPLIST_FILE = Dokan/Info.plist;
				INFOPLIST_KEY_UIApplicationSupportsIndirectInputEvents = YES;
				INFOPLIST_KEY_UILaunchStoryboardName = LaunchScreen;
				INFOPLIST_KEY_UIMainStoryboardFile = Main;
				INFOPLIST_KEY_UISupportedInterfaceOrientations_iPad = "UIInterfaceOrientationPortrait UIInterfaceOrientationPortraitUpsideDown UIInterfaceOrientationLandscapeLeft UIInterfaceOrientationLandscapeRight";
				INFOPLIST_KEY_UISupportedInterfaceOrientations_iPhone = "UIInterfaceOrientationPortrait UIInterfaceOrientationLandscapeLeft UIInterfaceOrientationLandscapeRight";
				IPHONEOS_DEPLOYMENT_TARGET = 13.0;
				LD_RUNPATH_SEARCH_PATHS = (
					"$(inherited)",
					"@executable_path/Frameworks",
				);
				MARKETING_VERSION = 1.0;
				PRODUCT_BUNDLE_IDENTIFIER = com.motoon.Dokan;
				PRODUCT_NAME = "$(TARGET_NAME)";
				SWIFT_EMIT_LOC_STRINGS = YES;
				SWIFT_VERSION = 5.0;
				TARGETED_DEVICE_FAMILY = "1,2";
			};
			name = Release;
		};
		AA4B15072853F4A500F1C3EF /* Debug */ = {
			isa = XCBuildConfiguration;
			buildSettings = {
				BUNDLE_LOADER = "$(TEST_HOST)";
				CODE_SIGN_STYLE = Automatic;
				CURRENT_PROJECT_VERSION = 1;
				DEVELOPMENT_TEAM = L79YXVBK78;
				GENERATE_INFOPLIST_FILE = YES;
				IPHONEOS_DEPLOYMENT_TARGET = 13.0;
				MARKETING_VERSION = 1.0;
				PRODUCT_BUNDLE_IDENTIFIER = com.motoon.DokanTests;
				PRODUCT_NAME = "$(TARGET_NAME)";
				SWIFT_EMIT_LOC_STRINGS = NO;
				SWIFT_VERSION = 5.0;
				TARGETED_DEVICE_FAMILY = "1,2";
				TEST_HOST = "$(BUILT_PRODUCTS_DIR)/Dokan.app/Dokan";
			};
			name = Debug;
		};
		AA4B15082853F4A500F1C3EF /* Release */ = {
			isa = XCBuildConfiguration;
			buildSettings = {
				BUNDLE_LOADER = "$(TEST_HOST)";
				CODE_SIGN_STYLE = Automatic;
				CURRENT_PROJECT_VERSION = 1;
				DEVELOPMENT_TEAM = L79YXVBK78;
				GENERATE_INFOPLIST_FILE = YES;
				IPHONEOS_DEPLOYMENT_TARGET = 13.0;
				MARKETING_VERSION = 1.0;
				PRODUCT_BUNDLE_IDENTIFIER = com.motoon.DokanTests;
				PRODUCT_NAME = "$(TARGET_NAME)";
				SWIFT_EMIT_LOC_STRINGS = NO;
				SWIFT_VERSION = 5.0;
				TARGETED_DEVICE_FAMILY = "1,2";
				TEST_HOST = "$(BUILT_PRODUCTS_DIR)/Dokan.app/Dokan";
			};
			name = Release;
		};
/* End XCBuildConfiguration section */

/* Begin XCConfigurationList section */
		AA21B42D28537E0400E4F217 /* Build configuration list for PBXProject "Dokan" */ = {
			isa = XCConfigurationList;
			buildConfigurations = (
				AA21B44428537E0500E4F217 /* Debug */,
				AA21B44528537E0500E4F217 /* Release */,
			);
			defaultConfigurationIsVisible = 0;
			defaultConfigurationName = Release;
		};
		AA21B44628537E0500E4F217 /* Build configuration list for PBXNativeTarget "Dokan" */ = {
			isa = XCConfigurationList;
			buildConfigurations = (
				AA21B44728537E0500E4F217 /* Debug */,
				AA21B44828537E0500E4F217 /* Release */,
			);
			defaultConfigurationIsVisible = 0;
			defaultConfigurationName = Release;
		};
		AA4B15092853F4A500F1C3EF /* Build configuration list for PBXNativeTarget "DokanTests" */ = {
			isa = XCConfigurationList;
			buildConfigurations = (
				AA4B15072853F4A500F1C3EF /* Debug */,
				AA4B15082853F4A500F1C3EF /* Release */,
			);
			defaultConfigurationIsVisible = 0;
			defaultConfigurationName = Release;
		};
/* End XCConfigurationList section */

/* Begin XCRemoteSwiftPackageReference section */
		AAA2E17E285CBFCA00EAD189 /* XCRemoteSwiftPackageReference "firebase-ios-sdk" */ = {
			isa = XCRemoteSwiftPackageReference;
			repositoryURL = "https://github.com/firebase/firebase-ios-sdk";
			requirement = {
				kind = upToNextMajorVersion;
				minimumVersion = 9.0.0;
			};
		};
/* End XCRemoteSwiftPackageReference section */

/* Begin XCSwiftPackageProductDependency section */
		437D1B1D2870F2C400B972BC /* Core */ = {
			isa = XCSwiftPackageProductDependency;
			productName = Core;
		};
		AA98C06F2867E660004C5967 /* DKFoundation */ = {
			isa = XCSwiftPackageProductDependency;
			productName = DKFoundation;
		};
		AAA2E17F285CBFCA00EAD189 /* FirebaseAnalytics */ = {
			isa = XCSwiftPackageProductDependency;
			package = AAA2E17E285CBFCA00EAD189 /* XCRemoteSwiftPackageReference "firebase-ios-sdk" */;
			productName = FirebaseAnalytics;
		};
		AAA2E181285CBFCA00EAD189 /* FirebaseCrashlytics */ = {
			isa = XCSwiftPackageProductDependency;
			package = AAA2E17E285CBFCA00EAD189 /* XCRemoteSwiftPackageReference "firebase-ios-sdk" */;
			productName = FirebaseCrashlytics;
		};
		AAE1A1BE285E1A3A00A4EBB0 /* Networking */ = {
			isa = XCSwiftPackageProductDependency;
			productName = Networking;
		};
		AAE1A1C0285E1A3D00A4EBB0 /* UIDokan */ = {
			isa = XCSwiftPackageProductDependency;
			productName = UIDokan;
		};
/* End XCSwiftPackageProductDependency section */
	};
	rootObject = AA21B42A28537E0400E4F217 /* Project object */;
}
