// !$*UTF8*$!
{
	archiveVersion = 1;
	classes = {
	};
	objectVersion = 55;
	objects = {

/* Begin PBXBuildFile section */
		276889DC287417730091ACEB /* RegisterViewController.swift in Sources */ = {isa = PBXBuildFile; fileRef = 276889DA287417730091ACEB /* RegisterViewController.swift */; };
		276889DD287417730091ACEB /* RegisterViewController.xib in Resources */ = {isa = PBXBuildFile; fileRef = 276889DB287417730091ACEB /* RegisterViewController.xib */; };
		276889DF28741F750091ACEB /* RegisterViewModel.swift in Sources */ = {isa = PBXBuildFile; fileRef = 276889DE28741F750091ACEB /* RegisterViewModel.swift */; };
		276889E1287420980091ACEB /* RegisterViewModelType.swift in Sources */ = {isa = PBXBuildFile; fileRef = 276889E0287420980091ACEB /* RegisterViewModelType.swift */; };
		2768DEEF28A422D2004C6A5B /* SliderCollectionViewCell.xib in Resources */ = {isa = PBXBuildFile; fileRef = 2768DEED28A422D2004C6A5B /* SliderCollectionViewCell.xib */; };
		2768DEF028A422D2004C6A5B /* SliderCollectionViewCell.swift in Sources */ = {isa = PBXBuildFile; fileRef = 2768DEEE28A422D2004C6A5B /* SliderCollectionViewCell.swift */; };
		2768DEF428A422F3004C6A5B /* SliderView.xib in Resources */ = {isa = PBXBuildFile; fileRef = 2768DEF128A422F3004C6A5B /* SliderView.xib */; };
		2768DEF528A422F3004C6A5B /* SliderView.swift in Sources */ = {isa = PBXBuildFile; fileRef = 2768DEF228A422F3004C6A5B /* SliderView.swift */; };
		432EF5D4288F078E0073FB1D /* Localizable.strings in Resources */ = {isa = PBXBuildFile; fileRef = 432EF5D3288F078E0073FB1D /* Localizable.strings */; };
		432EF5D8288F2E7D0073FB1D /* Strings+Generated.swift in Sources */ = {isa = PBXBuildFile; fileRef = 432EF5D7288F2E7D0073FB1D /* Strings+Generated.swift */; };
		437B99A628907F0700F59B06 /* FeaturedProductView.xib in Resources */ = {isa = PBXBuildFile; fileRef = 437B99A528907F0700F59B06 /* FeaturedProductView.xib */; };
		437B99A828907F2A00F59B06 /* FeaturedProductView.swift in Sources */ = {isa = PBXBuildFile; fileRef = 437B99A728907F2A00F59B06 /* FeaturedProductView.swift */; };
		437B99AC289082BC00F59B06 /* FeaturedProductCollectionViewCell.swift in Sources */ = {isa = PBXBuildFile; fileRef = 437B99AA289082BC00F59B06 /* FeaturedProductCollectionViewCell.swift */; };
		437B99AD289082BC00F59B06 /* FeaturedProductCollectionViewCell.xib in Resources */ = {isa = PBXBuildFile; fileRef = 437B99AB289082BC00F59B06 /* FeaturedProductCollectionViewCell.xib */; };
		437D1B1E2870F2C400B972BC /* Core in Frameworks */ = {isa = PBXBuildFile; productRef = 437D1B1D2870F2C400B972BC /* Core */; };
		43D4BF0928918F9A0023190F /* FeaturedProductTests.swift in Sources */ = {isa = PBXBuildFile; fileRef = 43D4BF0828918F9A0023190F /* FeaturedProductTests.swift */; };
		43D4BF0B2891A5C50023190F /* FeaturedProductCollectionViewCellTests.swift in Sources */ = {isa = PBXBuildFile; fileRef = 43D4BF0A2891A5C50023190F /* FeaturedProductCollectionViewCellTests.swift */; };
		519D380428A05AD90029B722 /* Kingfisher in Frameworks */ = {isa = PBXBuildFile; productRef = 519D380328A05AD90029B722 /* Kingfisher */; };
		519D380728A05B860029B722 /* UIImage+Extension.swift in Sources */ = {isa = PBXBuildFile; fileRef = 519D380628A05B860029B722 /* UIImage+Extension.swift */; };
		51A04FAD289335FF00900EFF /* ReviewerTableViewCell.swift in Sources */ = {isa = PBXBuildFile; fileRef = 51A04FAB289335FF00900EFF /* ReviewerTableViewCell.swift */; };
		856E36AF2889229B00735EF2 /* InfoSellerView.swift in Sources */ = {isa = PBXBuildFile; fileRef = 856E36AE2889229B00735EF2 /* InfoSellerView.swift */; };
		856E36B1288922EF00735EF2 /* InfoSellerView.xib in Resources */ = {isa = PBXBuildFile; fileRef = 856E36B0288922EF00735EF2 /* InfoSellerView.xib */; };
		856E36B928893C9A00735EF2 /* UIDokan in Frameworks */ = {isa = PBXBuildFile; productRef = AAE1A1C0285E1A3D00A4EBB0 /* UIDokan */; };
		85B31DBA2870BEDE00B1C9E8 /* LoginViewModelType.swift in Sources */ = {isa = PBXBuildFile; fileRef = 85B31DB62870BEDE00B1C9E8 /* LoginViewModelType.swift */; };
		85B31DBB2870BEDE00B1C9E8 /* LoginViewController.swift in Sources */ = {isa = PBXBuildFile; fileRef = 85B31DB72870BEDE00B1C9E8 /* LoginViewController.swift */; };
		85B31DBC2870BEDE00B1C9E8 /* LoginViewModel.swift in Sources */ = {isa = PBXBuildFile; fileRef = 85B31DB82870BEDE00B1C9E8 /* LoginViewModel.swift */; };
		85B31DBD2870BEDE00B1C9E8 /* LoginViewController.xib in Resources */ = {isa = PBXBuildFile; fileRef = 85B31DB92870BEDE00B1C9E8 /* LoginViewController.xib */; };
		85DA676428928F1500DCABD2 /* InfoSellerViewDelegate.swift in Sources */ = {isa = PBXBuildFile; fileRef = 85DA676328928F1500DCABD2 /* InfoSellerViewDelegate.swift */; };
		85F6B6DA28919C87007730AB /* ProductDetailsNavigationBarBehavior.swift in Sources */ = {isa = PBXBuildFile; fileRef = 85F6B6D928919C87007730AB /* ProductDetailsNavigationBarBehavior.swift */; };
		9900241E28B15F9E00D1D722 /* InfoSellerViewModelType.swift in Sources */ = {isa = PBXBuildFile; fileRef = 9900241A28B15F9E00D1D722 /* InfoSellerViewModelType.swift */; };
		9900241F28B15F9E00D1D722 /* InfoSellerViewController.swift in Sources */ = {isa = PBXBuildFile; fileRef = 9900241B28B15F9E00D1D722 /* InfoSellerViewController.swift */; };
		9900242028B15F9E00D1D722 /* InfoSellerViewModel.swift in Sources */ = {isa = PBXBuildFile; fileRef = 9900241C28B15F9E00D1D722 /* InfoSellerViewModel.swift */; };
		9900242128B15F9E00D1D722 /* InfoSellerViewController.xib in Resources */ = {isa = PBXBuildFile; fileRef = 9900241D28B15F9E00D1D722 /* InfoSellerViewController.xib */; };
		99091F1828895D96000FA9C9 /* ProductTitleQuantityView.xib in Resources */ = {isa = PBXBuildFile; fileRef = 99091F1728895D96000FA9C9 /* ProductTitleQuantityView.xib */; };
		99091F1A28895DC1000FA9C9 /* ProductTitleQuantityView.swift in Sources */ = {isa = PBXBuildFile; fileRef = 99091F1928895DC1000FA9C9 /* ProductTitleQuantityView.swift */; };
		99CC7308288E2FE400503D86 /* Colors.xcassets in Resources */ = {isa = PBXBuildFile; fileRef = 99CC7307288E2FE400503D86 /* Colors.xcassets */; };
		AA21B43628537E0400E4F217 /* AppDelegate.swift in Sources */ = {isa = PBXBuildFile; fileRef = AA21B43528537E0400E4F217 /* AppDelegate.swift */; };
		AA21B43828537E0400E4F217 /* SceneDelegate.swift in Sources */ = {isa = PBXBuildFile; fileRef = AA21B43728537E0400E4F217 /* SceneDelegate.swift */; };
		AA21B43A28537E0400E4F217 /* ViewController.swift in Sources */ = {isa = PBXBuildFile; fileRef = AA21B43928537E0400E4F217 /* ViewController.swift */; };
		AA21B43D28537E0400E4F217 /* Main.storyboard in Resources */ = {isa = PBXBuildFile; fileRef = AA21B43B28537E0400E4F217 /* Main.storyboard */; };
		AA21B43F28537E0500E4F217 /* Assets.xcassets in Resources */ = {isa = PBXBuildFile; fileRef = AA21B43E28537E0500E4F217 /* Assets.xcassets */; };
		AA21B44228537E0500E4F217 /* LaunchScreen.storyboard in Resources */ = {isa = PBXBuildFile; fileRef = AA21B44028537E0500E4F217 /* LaunchScreen.storyboard */; };
		AA57CB2E2881B21800FE62C8 /* ProductDetailsViewModelType.swift in Sources */ = {isa = PBXBuildFile; fileRef = AA57CB2A2881B21800FE62C8 /* ProductDetailsViewModelType.swift */; };
		AA57CB2F2881B21800FE62C8 /* ProductDetailsViewController.swift in Sources */ = {isa = PBXBuildFile; fileRef = AA57CB2B2881B21800FE62C8 /* ProductDetailsViewController.swift */; };
		AA57CB302881B21800FE62C8 /* ProductDetailsViewModel.swift in Sources */ = {isa = PBXBuildFile; fileRef = AA57CB2C2881B21800FE62C8 /* ProductDetailsViewModel.swift */; };
		AA57CB312881B21800FE62C8 /* ProductDetailsViewController.xib in Resources */ = {isa = PBXBuildFile; fileRef = AA57CB2D2881B21800FE62C8 /* ProductDetailsViewController.xib */; };
		AA6BBD0C28A5CB2A00A66078 /* ServiceLocator.swift in Sources */ = {isa = PBXBuildFile; fileRef = AA6BBD0B28A5CB2A00A66078 /* ServiceLocator.swift */; };
		AA98C0702867E660004C5967 /* DKFoundation in Frameworks */ = {isa = PBXBuildFile; productRef = AA98C06F2867E660004C5967 /* DKFoundation */; };
		AA98C0762867EAC0004C5967 /* Logging.swift in Sources */ = {isa = PBXBuildFile; fileRef = AA98C0752867EAC0004C5967 /* Logging.swift */; };
		AAA2E17D285CBB9100EAD189 /* GoogleService-Info.plist in Resources */ = {isa = PBXBuildFile; fileRef = AAA2E17C285CBB9100EAD189 /* GoogleService-Info.plist */; };
		AAA2E180285CBFCA00EAD189 /* FirebaseAnalytics in Frameworks */ = {isa = PBXBuildFile; productRef = AAA2E17F285CBFCA00EAD189 /* FirebaseAnalytics */; };
		AAA2E182285CBFCA00EAD189 /* FirebaseCrashlytics in Frameworks */ = {isa = PBXBuildFile; productRef = AAA2E181285CBFCA00EAD189 /* FirebaseCrashlytics */; };
		AADC5BB1289ADFF300C9AA12 /* RegisterViewControllerTests.swift in Sources */ = {isa = PBXBuildFile; fileRef = AADC5BAE289ADFF300C9AA12 /* RegisterViewControllerTests.swift */; };
		AAE1A1BF285E1A3A00A4EBB0 /* Networking in Frameworks */ = {isa = PBXBuildFile; productRef = AAE1A1BE285E1A3A00A4EBB0 /* Networking */; };
		B803A84428AFECEE0005C8B9 /* ReviewsView.swift in Sources */ = {isa = PBXBuildFile; fileRef = B803A84328AFECEE0005C8B9 /* ReviewsView.swift */; };
		B82D6D4F2892FF290035D30C /* UIModels.swift in Sources */ = {isa = PBXBuildFile; fileRef = B82D6D4E2892FF290035D30C /* UIModels.swift */; };
		E251D04D28784A050065C852 /* VerificationViewModelType.swift in Sources */ = {isa = PBXBuildFile; fileRef = E251D04928784A050065C852 /* VerificationViewModelType.swift */; };
		E251D04E28784A050065C852 /* VerificationViewController.swift in Sources */ = {isa = PBXBuildFile; fileRef = E251D04A28784A050065C852 /* VerificationViewController.swift */; };
		E251D04F28784A050065C852 /* VerificationViewModel.swift in Sources */ = {isa = PBXBuildFile; fileRef = E251D04B28784A050065C852 /* VerificationViewModel.swift */; };
		E251D05028784A050065C852 /* VerificationViewController.xib in Resources */ = {isa = PBXBuildFile; fileRef = E251D04C28784A050065C852 /* VerificationViewController.xib */; };
		E2CC398828A4A933008AE48B /* LoadingButton.swift in Sources */ = {isa = PBXBuildFile; fileRef = E2CC398728A4A933008AE48B /* LoadingButton.swift */; };
		E2DADBAC288A5445005E483A /* ButtonsView.swift in Sources */ = {isa = PBXBuildFile; fileRef = E2DADBAB288A5445005E483A /* ButtonsView.swift */; };
		E2DADBAE288A5463005E483A /* ButtonsView.xib in Resources */ = {isa = PBXBuildFile; fileRef = E2DADBAD288A5463005E483A /* ButtonsView.xib */; };
/* End PBXBuildFile section */

/* Begin PBXContainerItemProxy section */
		AA4B15052853F4A500F1C3EF /* PBXContainerItemProxy */ = {
			isa = PBXContainerItemProxy;
			containerPortal = AA21B42A28537E0400E4F217 /* Project object */;
			proxyType = 1;
			remoteGlobalIDString = AA21B43128537E0400E4F217;
			remoteInfo = Dokan;
		};
/* End PBXContainerItemProxy section */

/* Begin PBXFileReference section */
		276889DA287417730091ACEB /* RegisterViewController.swift */ = {isa = PBXFileReference; lastKnownFileType = sourcecode.swift; path = RegisterViewController.swift; sourceTree = "<group>"; };
		276889DB287417730091ACEB /* RegisterViewController.xib */ = {isa = PBXFileReference; lastKnownFileType = file.xib; path = RegisterViewController.xib; sourceTree = "<group>"; };
		276889DE28741F750091ACEB /* RegisterViewModel.swift */ = {isa = PBXFileReference; lastKnownFileType = sourcecode.swift; path = RegisterViewModel.swift; sourceTree = "<group>"; };
		276889E0287420980091ACEB /* RegisterViewModelType.swift */ = {isa = PBXFileReference; lastKnownFileType = sourcecode.swift; path = RegisterViewModelType.swift; sourceTree = "<group>"; };
		2768DEED28A422D2004C6A5B /* SliderCollectionViewCell.xib */ = {isa = PBXFileReference; fileEncoding = 4; lastKnownFileType = file.xib; path = SliderCollectionViewCell.xib; sourceTree = "<group>"; };
		2768DEEE28A422D2004C6A5B /* SliderCollectionViewCell.swift */ = {isa = PBXFileReference; fileEncoding = 4; lastKnownFileType = sourcecode.swift; path = SliderCollectionViewCell.swift; sourceTree = "<group>"; };
		2768DEF128A422F3004C6A5B /* SliderView.xib */ = {isa = PBXFileReference; fileEncoding = 4; lastKnownFileType = file.xib; path = SliderView.xib; sourceTree = "<group>"; };
		2768DEF228A422F3004C6A5B /* SliderView.swift */ = {isa = PBXFileReference; fileEncoding = 4; lastKnownFileType = sourcecode.swift; path = SliderView.swift; sourceTree = "<group>"; };
		432EF5D3288F078E0073FB1D /* Localizable.strings */ = {isa = PBXFileReference; lastKnownFileType = text.plist.strings; path = Localizable.strings; sourceTree = "<group>"; };
		432EF5D7288F2E7D0073FB1D /* Strings+Generated.swift */ = {isa = PBXFileReference; fileEncoding = 4; lastKnownFileType = sourcecode.swift; path = "Strings+Generated.swift"; sourceTree = "<group>"; };
		437B99A528907F0700F59B06 /* FeaturedProductView.xib */ = {isa = PBXFileReference; lastKnownFileType = file.xib; path = FeaturedProductView.xib; sourceTree = "<group>"; };
		437B99A728907F2A00F59B06 /* FeaturedProductView.swift */ = {isa = PBXFileReference; lastKnownFileType = sourcecode.swift; path = FeaturedProductView.swift; sourceTree = "<group>"; };
		437B99AA289082BC00F59B06 /* FeaturedProductCollectionViewCell.swift */ = {isa = PBXFileReference; lastKnownFileType = sourcecode.swift; path = FeaturedProductCollectionViewCell.swift; sourceTree = "<group>"; };
		437B99AB289082BC00F59B06 /* FeaturedProductCollectionViewCell.xib */ = {isa = PBXFileReference; lastKnownFileType = file.xib; path = FeaturedProductCollectionViewCell.xib; sourceTree = "<group>"; };
		43D4BF0828918F9A0023190F /* FeaturedProductTests.swift */ = {isa = PBXFileReference; lastKnownFileType = sourcecode.swift; path = FeaturedProductTests.swift; sourceTree = "<group>"; };
		43D4BF0A2891A5C50023190F /* FeaturedProductCollectionViewCellTests.swift */ = {isa = PBXFileReference; lastKnownFileType = sourcecode.swift; path = FeaturedProductCollectionViewCellTests.swift; sourceTree = "<group>"; };
		519D380628A05B860029B722 /* UIImage+Extension.swift */ = {isa = PBXFileReference; lastKnownFileType = sourcecode.swift; path = "UIImage+Extension.swift"; sourceTree = "<group>"; };
		51A04FAB289335FF00900EFF /* ReviewerTableViewCell.swift */ = {isa = PBXFileReference; lastKnownFileType = sourcecode.swift; path = ReviewerTableViewCell.swift; sourceTree = "<group>"; };
		51A04FAC289335FF00900EFF /* ReviewerTableViewCell.xib */ = {isa = PBXFileReference; lastKnownFileType = file.xib; path = ReviewerTableViewCell.xib; sourceTree = "<group>"; };
		856E36AE2889229B00735EF2 /* InfoSellerView.swift */ = {isa = PBXFileReference; lastKnownFileType = sourcecode.swift; path = InfoSellerView.swift; sourceTree = "<group>"; };
		856E36B0288922EF00735EF2 /* InfoSellerView.xib */ = {isa = PBXFileReference; lastKnownFileType = file.xib; path = InfoSellerView.xib; sourceTree = "<group>"; };
		85B31DB62870BEDE00B1C9E8 /* LoginViewModelType.swift */ = {isa = PBXFileReference; lastKnownFileType = sourcecode.swift; path = LoginViewModelType.swift; sourceTree = "<group>"; };
		85B31DB72870BEDE00B1C9E8 /* LoginViewController.swift */ = {isa = PBXFileReference; lastKnownFileType = sourcecode.swift; path = LoginViewController.swift; sourceTree = "<group>"; };
		85B31DB82870BEDE00B1C9E8 /* LoginViewModel.swift */ = {isa = PBXFileReference; lastKnownFileType = sourcecode.swift; path = LoginViewModel.swift; sourceTree = "<group>"; };
		85B31DB92870BEDE00B1C9E8 /* LoginViewController.xib */ = {isa = PBXFileReference; lastKnownFileType = file.xib; path = LoginViewController.xib; sourceTree = "<group>"; };
		85DA676328928F1500DCABD2 /* InfoSellerViewDelegate.swift */ = {isa = PBXFileReference; lastKnownFileType = sourcecode.swift; path = InfoSellerViewDelegate.swift; sourceTree = "<group>"; };
		85F6B6D928919C87007730AB /* ProductDetailsNavigationBarBehavior.swift */ = {isa = PBXFileReference; lastKnownFileType = sourcecode.swift; path = ProductDetailsNavigationBarBehavior.swift; sourceTree = "<group>"; };
		9900241A28B15F9E00D1D722 /* InfoSellerViewModelType.swift */ = {isa = PBXFileReference; lastKnownFileType = sourcecode.swift; path = InfoSellerViewModelType.swift; sourceTree = "<group>"; };
		9900241B28B15F9E00D1D722 /* InfoSellerViewController.swift */ = {isa = PBXFileReference; lastKnownFileType = sourcecode.swift; path = InfoSellerViewController.swift; sourceTree = "<group>"; };
		9900241C28B15F9E00D1D722 /* InfoSellerViewModel.swift */ = {isa = PBXFileReference; lastKnownFileType = sourcecode.swift; path = InfoSellerViewModel.swift; sourceTree = "<group>"; };
		9900241D28B15F9E00D1D722 /* InfoSellerViewController.xib */ = {isa = PBXFileReference; lastKnownFileType = file.xib; path = InfoSellerViewController.xib; sourceTree = "<group>"; };
		99091F1728895D96000FA9C9 /* ProductTitleQuantityView.xib */ = {isa = PBXFileReference; lastKnownFileType = file.xib; path = ProductTitleQuantityView.xib; sourceTree = "<group>"; };
		99091F1928895DC1000FA9C9 /* ProductTitleQuantityView.swift */ = {isa = PBXFileReference; lastKnownFileType = sourcecode.swift; path = ProductTitleQuantityView.swift; sourceTree = "<group>"; };
		99CC7307288E2FE400503D86 /* Colors.xcassets */ = {isa = PBXFileReference; lastKnownFileType = folder.assetcatalog; path = Colors.xcassets; sourceTree = "<group>"; };
		AA21B43228537E0400E4F217 /* Dokan.app */ = {isa = PBXFileReference; explicitFileType = wrapper.application; includeInIndex = 0; path = Dokan.app; sourceTree = BUILT_PRODUCTS_DIR; };
		AA21B43528537E0400E4F217 /* AppDelegate.swift */ = {isa = PBXFileReference; lastKnownFileType = sourcecode.swift; path = AppDelegate.swift; sourceTree = "<group>"; };
		AA21B43728537E0400E4F217 /* SceneDelegate.swift */ = {isa = PBXFileReference; lastKnownFileType = sourcecode.swift; path = SceneDelegate.swift; sourceTree = "<group>"; };
		AA21B43928537E0400E4F217 /* ViewController.swift */ = {isa = PBXFileReference; lastKnownFileType = sourcecode.swift; path = ViewController.swift; sourceTree = "<group>"; };
		AA21B43C28537E0400E4F217 /* Base */ = {isa = PBXFileReference; lastKnownFileType = file.storyboard; name = Base; path = Base.lproj/Main.storyboard; sourceTree = "<group>"; };
		AA21B43E28537E0500E4F217 /* Assets.xcassets */ = {isa = PBXFileReference; lastKnownFileType = folder.assetcatalog; path = Assets.xcassets; sourceTree = "<group>"; };
		AA21B44128537E0500E4F217 /* Base */ = {isa = PBXFileReference; lastKnownFileType = file.storyboard; name = Base; path = Base.lproj/LaunchScreen.storyboard; sourceTree = "<group>"; };
		AA21B44328537E0500E4F217 /* Info.plist */ = {isa = PBXFileReference; lastKnownFileType = text.plist.xml; path = Info.plist; sourceTree = "<group>"; };
		AA4B15012853F4A500F1C3EF /* DokanTests.xctest */ = {isa = PBXFileReference; explicitFileType = wrapper.cfbundle; includeInIndex = 0; path = DokanTests.xctest; sourceTree = BUILT_PRODUCTS_DIR; };
		AA57CB2A2881B21800FE62C8 /* ProductDetailsViewModelType.swift */ = {isa = PBXFileReference; lastKnownFileType = sourcecode.swift; path = ProductDetailsViewModelType.swift; sourceTree = "<group>"; };
		AA57CB2B2881B21800FE62C8 /* ProductDetailsViewController.swift */ = {isa = PBXFileReference; lastKnownFileType = sourcecode.swift; path = ProductDetailsViewController.swift; sourceTree = "<group>"; };
		AA57CB2C2881B21800FE62C8 /* ProductDetailsViewModel.swift */ = {isa = PBXFileReference; lastKnownFileType = sourcecode.swift; path = ProductDetailsViewModel.swift; sourceTree = "<group>"; };
		AA57CB2D2881B21800FE62C8 /* ProductDetailsViewController.xib */ = {isa = PBXFileReference; lastKnownFileType = file.xib; path = ProductDetailsViewController.xib; sourceTree = "<group>"; };
		AA6BBD0B28A5CB2A00A66078 /* ServiceLocator.swift */ = {isa = PBXFileReference; lastKnownFileType = sourcecode.swift; path = ServiceLocator.swift; sourceTree = "<group>"; };
		AA98C0752867EAC0004C5967 /* Logging.swift */ = {isa = PBXFileReference; lastKnownFileType = sourcecode.swift; path = Logging.swift; sourceTree = "<group>"; };
		AAA2E17C285CBB9100EAD189 /* GoogleService-Info.plist */ = {isa = PBXFileReference; fileEncoding = 4; lastKnownFileType = text.plist.xml; path = "GoogleService-Info.plist"; sourceTree = "<group>"; };
		AADC5BAE289ADFF300C9AA12 /* RegisterViewControllerTests.swift */ = {isa = PBXFileReference; fileEncoding = 4; lastKnownFileType = sourcecode.swift; path = RegisterViewControllerTests.swift; sourceTree = "<group>"; };
		AAE1A1C2285E1A4900A4EBB0 /* DKFoundation.framework */ = {isa = PBXFileReference; explicitFileType = wrapper.framework; path = DKFoundation.framework; sourceTree = BUILT_PRODUCTS_DIR; };
		B803A84328AFECEE0005C8B9 /* ReviewsView.swift */ = {isa = PBXFileReference; lastKnownFileType = sourcecode.swift; name = ReviewsView.swift; path = DokanTests/ReviewsView/ReviewsView.swift; sourceTree = SOURCE_ROOT; };
		B82D6D4E2892FF290035D30C /* UIModels.swift */ = {isa = PBXFileReference; lastKnownFileType = sourcecode.swift; path = UIModels.swift; sourceTree = "<group>"; };
		B853CB9128830777003AF561 /* ReviewsView.xib */ = {isa = PBXFileReference; lastKnownFileType = file.xib; path = ReviewsView.xib; sourceTree = "<group>"; };
		E251D04928784A050065C852 /* VerificationViewModelType.swift */ = {isa = PBXFileReference; lastKnownFileType = sourcecode.swift; path = VerificationViewModelType.swift; sourceTree = "<group>"; };
		E251D04A28784A050065C852 /* VerificationViewController.swift */ = {isa = PBXFileReference; lastKnownFileType = sourcecode.swift; path = VerificationViewController.swift; sourceTree = "<group>"; };
		E251D04B28784A050065C852 /* VerificationViewModel.swift */ = {isa = PBXFileReference; lastKnownFileType = sourcecode.swift; path = VerificationViewModel.swift; sourceTree = "<group>"; };
		E251D04C28784A050065C852 /* VerificationViewController.xib */ = {isa = PBXFileReference; lastKnownFileType = file.xib; path = VerificationViewController.xib; sourceTree = "<group>"; };
		E2CC398728A4A933008AE48B /* LoadingButton.swift */ = {isa = PBXFileReference; lastKnownFileType = sourcecode.swift; path = LoadingButton.swift; sourceTree = "<group>"; };
		E2DADBAB288A5445005E483A /* ButtonsView.swift */ = {isa = PBXFileReference; lastKnownFileType = sourcecode.swift; path = ButtonsView.swift; sourceTree = "<group>"; };
		E2DADBAD288A5463005E483A /* ButtonsView.xib */ = {isa = PBXFileReference; lastKnownFileType = file.xib; path = ButtonsView.xib; sourceTree = "<group>"; };
/* End PBXFileReference section */

/* Begin PBXFrameworksBuildPhase section */
		AA21B42F28537E0400E4F217 /* Frameworks */ = {
			isa = PBXFrameworksBuildPhase;
			buildActionMask = 2147483647;
			files = (
				856E36B928893C9A00735EF2 /* UIDokan in Frameworks */,
				AAE1A1BF285E1A3A00A4EBB0 /* Networking in Frameworks */,
				519D380428A05AD90029B722 /* Kingfisher in Frameworks */,
				AAA2E180285CBFCA00EAD189 /* FirebaseAnalytics in Frameworks */,
				AA98C0702867E660004C5967 /* DKFoundation in Frameworks */,
				AAA2E182285CBFCA00EAD189 /* FirebaseCrashlytics in Frameworks */,
				437D1B1E2870F2C400B972BC /* Core in Frameworks */,
			);
			runOnlyForDeploymentPostprocessing = 0;
		};
		AA4B14FE2853F4A500F1C3EF /* Frameworks */ = {
			isa = PBXFrameworksBuildPhase;
			buildActionMask = 2147483647;
			files = (
			);
			runOnlyForDeploymentPostprocessing = 0;
		};
/* End PBXFrameworksBuildPhase section */

/* Begin PBXGroup section */
		276889D92874162B0091ACEB /* Registration */ = {
			isa = PBXGroup;
			children = (
				276889DA287417730091ACEB /* RegisterViewController.swift */,
				276889DB287417730091ACEB /* RegisterViewController.xib */,
				276889DE28741F750091ACEB /* RegisterViewModel.swift */,
				276889E0287420980091ACEB /* RegisterViewModelType.swift */,
			);
			path = Registration;
			sourceTree = "<group>";
		};
		2768DEEB28A42292004C6A5B /* SliderView */ = {
			isa = PBXGroup;
			children = (
				2768DEF228A422F3004C6A5B /* SliderView.swift */,
				2768DEF128A422F3004C6A5B /* SliderView.xib */,
				2768DEEC28A422AB004C6A5B /* SliderCollectionViewCell */,
			);
			path = SliderView;
			sourceTree = "<group>";
		};
		2768DEEC28A422AB004C6A5B /* SliderCollectionViewCell */ = {
			isa = PBXGroup;
			children = (
				2768DEEE28A422D2004C6A5B /* SliderCollectionViewCell.swift */,
				2768DEED28A422D2004C6A5B /* SliderCollectionViewCell.xib */,
			);
			path = SliderCollectionViewCell;
			sourceTree = "<group>";
		};
		432EF5D5288F2B340073FB1D /* Localization */ = {
			isa = PBXGroup;
			children = (
				432EF5D6288F2C1A0073FB1D /* Generated */,
				432EF5D3288F078E0073FB1D /* Localizable.strings */,
			);
			path = Localization;
			sourceTree = "<group>";
		};
		432EF5D6288F2C1A0073FB1D /* Generated */ = {
			isa = PBXGroup;
			children = (
				432EF5D7288F2E7D0073FB1D /* Strings+Generated.swift */,
			);
			path = Generated;
			sourceTree = "<group>";
		};
		437B99A428907E6C00F59B06 /* FeaturedProduct */ = {
			isa = PBXGroup;
			children = (
				437B99A92890821000F59B06 /* FeaturedProductCell */,
				437B99A528907F0700F59B06 /* FeaturedProductView.xib */,
				437B99A728907F2A00F59B06 /* FeaturedProductView.swift */,
			);
			path = FeaturedProduct;
			sourceTree = "<group>";
		};
		437B99A92890821000F59B06 /* FeaturedProductCell */ = {
			isa = PBXGroup;
			children = (
				437B99AA289082BC00F59B06 /* FeaturedProductCollectionViewCell.swift */,
				437B99AB289082BC00F59B06 /* FeaturedProductCollectionViewCell.xib */,
			);
			path = FeaturedProductCell;
			sourceTree = "<group>";
		};
		43D4BF0628918F160023190F /* ProductDetails */ = {
			isa = PBXGroup;
			children = (
				43D4BF0728918F410023190F /* FeaturedProduct */,
			);
			path = ProductDetails;
			sourceTree = "<group>";
		};
		43D4BF0728918F410023190F /* FeaturedProduct */ = {
			isa = PBXGroup;
			children = (
				43D4BF0828918F9A0023190F /* FeaturedProductTests.swift */,
				43D4BF0A2891A5C50023190F /* FeaturedProductCollectionViewCellTests.swift */,
			);
			path = FeaturedProduct;
			sourceTree = "<group>";
		};
		519D380528A05B570029B722 /* Extension */ = {
			isa = PBXGroup;
			children = (
				519D380628A05B860029B722 /* UIImage+Extension.swift */,
			);
			path = Extension;
			sourceTree = "<group>";
		};
		51A04FAA289334A800900EFF /* Cell */ = {
			isa = PBXGroup;
			children = (
				51A04FAB289335FF00900EFF /* ReviewerTableViewCell.swift */,
				51A04FAC289335FF00900EFF /* ReviewerTableViewCell.xib */,
			);
			path = Cell;
			sourceTree = "<group>";
		};
		856E36AD2889224B00735EF2 /* InfoSellerView */ = {
			isa = PBXGroup;
			children = (
				856E36AE2889229B00735EF2 /* InfoSellerView.swift */,
				856E36B0288922EF00735EF2 /* InfoSellerView.xib */,
				85DA676328928F1500DCABD2 /* InfoSellerViewDelegate.swift */,
			);
			path = InfoSellerView;
			sourceTree = "<group>";
		};
		85B31DAD2870BD4700B1C9E8 /* Login */ = {
			isa = PBXGroup;
			children = (
				85B31DB62870BEDE00B1C9E8 /* LoginViewModelType.swift */,
				85B31DB72870BEDE00B1C9E8 /* LoginViewController.swift */,
				85B31DB82870BEDE00B1C9E8 /* LoginViewModel.swift */,
				85B31DB92870BEDE00B1C9E8 /* LoginViewController.xib */,
			);
			path = Login;
			sourceTree = "<group>";
		};
		9900241928B15F5A00D1D722 /* InfoSeller */ = {
			isa = PBXGroup;
			children = (
				9900241A28B15F9E00D1D722 /* InfoSellerViewModelType.swift */,
				9900241B28B15F9E00D1D722 /* InfoSellerViewController.swift */,
				9900241C28B15F9E00D1D722 /* InfoSellerViewModel.swift */,
				9900241D28B15F9E00D1D722 /* InfoSellerViewController.xib */,
			);
			path = InfoSeller;
			sourceTree = "<group>";
		};
		99091F1628895CFF000FA9C9 /* TitleQuantity */ = {
			isa = PBXGroup;
			children = (
				99091F1728895D96000FA9C9 /* ProductTitleQuantityView.xib */,
				99091F1928895DC1000FA9C9 /* ProductTitleQuantityView.swift */,
			);
			path = TitleQuantity;
			sourceTree = "<group>";
		};
		276889D92874162B0091ACEB /* Registration */ = {
			isa = PBXGroup;
			children = (
				276889DA287417730091ACEB /* RegisterViewController.swift */,
				276889DB287417730091ACEB /* RegisterViewController.xib */,
				276889DE28741F750091ACEB /* RegisterViewModel.swift */,
				276889E0287420980091ACEB /* RegisterViewModelType.swift */,
			);
			path = Registration;
			sourceTree = "<group>";
		};
		AA21B42928537E0400E4F217 = {
			isa = PBXGroup;
			children = (
				AA21B43428537E0400E4F217 /* Dokan */,
				AA4B15022853F4A500F1C3EF /* DokanTests */,
				AA21B43328537E0400E4F217 /* Products */,
				AAE1A1BD285E1A3A00A4EBB0 /* Frameworks */,
			);
			sourceTree = "<group>";
		};
		AA21B43328537E0400E4F217 /* Products */ = {
			isa = PBXGroup;
			children = (
				AA21B43228537E0400E4F217 /* Dokan.app */,
				AA4B15012853F4A500F1C3EF /* DokanTests.xctest */,
			);
			name = Products;
			sourceTree = "<group>";
		};
		AA21B43428537E0400E4F217 /* Dokan */ = {
			isa = PBXGroup;
			children = (
				AA6BBD0A28A5CB1500A66078 /* ServiceLocator */,
				519D380528A05B570029B722 /* Extension */,
				432EF5D5288F2B340073FB1D /* Localization */,
				99CC7307288E2FE400503D86 /* Colors.xcassets */,
				AA98C0742867EAB7004C5967 /* Internal */,
				AAF5F1DA286F76F2002DA8ED /* Scenes */,
				AAF5F1DB286F76FD002DA8ED /* System */,
				AA21B43528537E0400E4F217 /* AppDelegate.swift */,
				AA21B43728537E0400E4F217 /* SceneDelegate.swift */,
				AA21B43928537E0400E4F217 /* ViewController.swift */,
				AA21B43B28537E0400E4F217 /* Main.storyboard */,
				AA21B43E28537E0500E4F217 /* Assets.xcassets */,
				AA21B44028537E0500E4F217 /* LaunchScreen.storyboard */,
				AA21B44328537E0500E4F217 /* Info.plist */,
				AAA2E17C285CBB9100EAD189 /* GoogleService-Info.plist */,
			);
			path = Dokan;
			sourceTree = "<group>";
		};
		AA4B15022853F4A500F1C3EF /* DokanTests */ = {
			isa = PBXGroup;
			children = (
				AAF5F1DC286F770C002DA8ED /* Scenes */,
			);
			path = DokanTests;
			sourceTree = "<group>";
		};
		AA57CB322881B22000FE62C8 /* ProductDetails */ = {
			isa = PBXGroup;
			children = (
				9900241928B15F5A00D1D722 /* InfoSeller */,
				51A04FAA289334A800900EFF /* Cell */,
				2768DEEB28A42292004C6A5B /* SliderView */,
				99091F1628895CFF000FA9C9 /* TitleQuantity */,
				AA57CB332881B50500FE62C8 /* Views */,
				AA57CB2B2881B21800FE62C8 /* ProductDetailsViewController.swift */,
				AA57CB2D2881B21800FE62C8 /* ProductDetailsViewController.xib */,
				AA57CB2C2881B21800FE62C8 /* ProductDetailsViewModel.swift */,
				AA57CB2A2881B21800FE62C8 /* ProductDetailsViewModelType.swift */,
				B82D6D4E2892FF290035D30C /* UIModels.swift */,
				B803A84328AFECEE0005C8B9 /* ReviewsView.swift */,
				B853CB9128830777003AF561 /* ReviewsView.xib */,
			);
			path = ProductDetails;
			sourceTree = "<group>";
		};
		AA57CB332881B50500FE62C8 /* Views */ = {
			isa = PBXGroup;
			children = (
				E2DADBAA288A53D9005E483A /* ButtonsView */,
				AAC39E13289DD9CA0069822D /* ReviewerTableViewCell */,
				856E36AD2889224B00735EF2 /* InfoSellerView */,
				437B99A428907E6C00F59B06 /* FeaturedProduct */,
				85F6B6D928919C87007730AB /* ProductDetailsNavigationBarBehavior.swift */,
			);
			path = Views;
			sourceTree = "<group>";
		};
		AA6BBD0A28A5CB1500A66078 /* ServiceLocator */ = {
			isa = PBXGroup;
			children = (
				AA6BBD0B28A5CB2A00A66078 /* ServiceLocator.swift */,
			);
			path = ServiceLocator;
			sourceTree = "<group>";
		};
		AA98C0742867EAB7004C5967 /* Internal */ = {
			isa = PBXGroup;
			children = (
				AA98C0752867EAC0004C5967 /* Logging.swift */,
			);
			path = Internal;
			sourceTree = "<group>";
		};
		AADC5BAD289ADFF300C9AA12 /* Registration */ = {
			isa = PBXGroup;
			children = (
				AADC5BAE289ADFF300C9AA12 /* RegisterViewControllerTests.swift */,
			);
			path = Registration;
			sourceTree = "<group>";
		};
		AAE1A1BD285E1A3A00A4EBB0 /* Frameworks */ = {
			isa = PBXGroup;
			children = (
				AAE1A1C2285E1A4900A4EBB0 /* DKFoundation.framework */,
			);
			name = Frameworks;
			sourceTree = "<group>";
		};
		AAF5F1DA286F76F2002DA8ED /* Scenes */ = {
			isa = PBXGroup;
			children = (
				85B31DAD2870BD4700B1C9E8 /* Login */,
				276889D92874162B0091ACEB /* Registration */,
				E2156C24287342F000A92325 /* Verification */,
				AA57CB322881B22000FE62C8 /* ProductDetails */,
			);
			path = Scenes;
			sourceTree = "<group>";
		};
		AAF5F1DB286F76FD002DA8ED /* System */ = {
			isa = PBXGroup;
			children = (
			);
			path = System;
			sourceTree = "<group>";
		};
		AAF5F1DC286F770C002DA8ED /* Scenes */ = {
			isa = PBXGroup;
			children = (
				43D4BF0628918F160023190F /* ProductDetails */,
				AADC5BAD289ADFF300C9AA12 /* Registration */,
			);
			path = Scenes;
			sourceTree = "<group>";
		};
		E2156C24287342F000A92325 /* Verification */ = {
			isa = PBXGroup;
			children = (
				E251D04928784A050065C852 /* VerificationViewModelType.swift */,
				E251D04A28784A050065C852 /* VerificationViewController.swift */,
				E251D04B28784A050065C852 /* VerificationViewModel.swift */,
				E251D04C28784A050065C852 /* VerificationViewController.xib */,
			);
			path = Verification;
			sourceTree = "<group>";
		};
		E2DADBAA288A53D9005E483A /* ButtonsView */ = {
			isa = PBXGroup;
			children = (
				E2DADBAB288A5445005E483A /* ButtonsView.swift */,
				E2DADBAD288A5463005E483A /* ButtonsView.xib */,
				E2CC398728A4A933008AE48B /* LoadingButton.swift */,
			);
			path = ButtonsView;
			sourceTree = "<group>";
		};
/* End PBXGroup section */

/* Begin PBXNativeTarget section */
		AA21B43128537E0400E4F217 /* Dokan */ = {
			isa = PBXNativeTarget;
			buildConfigurationList = AA21B44628537E0500E4F217 /* Build configuration list for PBXNativeTarget "Dokan" */;
			buildPhases = (
				99CC7309288E302200503D86 /* SwiftGen */,
				AA758472289443F400445B85 /* Swift Format */,
				AA21B42E28537E0400E4F217 /* Sources */,
				AA21B42F28537E0400E4F217 /* Frameworks */,
				AA21B43028537E0400E4F217 /* Resources */,
				AAA2E183285CC0BB00EAD189 /* Crashlytics */,
				E2F3F6C6285E53B600343A78 /* SwiftLint */,
			);
			buildRules = (
			);
			dependencies = (
			);
			name = Dokan;
			packageProductDependencies = (
				AAA2E17F285CBFCA00EAD189 /* FirebaseAnalytics */,
				AAA2E181285CBFCA00EAD189 /* FirebaseCrashlytics */,
				AAE1A1BE285E1A3A00A4EBB0 /* Networking */,
				AAE1A1C0285E1A3D00A4EBB0 /* UIDokan */,
				AA98C06F2867E660004C5967 /* DKFoundation */,
				437D1B1D2870F2C400B972BC /* Core */,
				519D380328A05AD90029B722 /* Kingfisher */,
			);
			productName = Dokan;
			productReference = AA21B43228537E0400E4F217 /* Dokan.app */;
			productType = "com.apple.product-type.application";
		};
		AA4B15002853F4A500F1C3EF /* DokanTests */ = {
			isa = PBXNativeTarget;
			buildConfigurationList = AA4B15092853F4A500F1C3EF /* Build configuration list for PBXNativeTarget "DokanTests" */;
			buildPhases = (
				AA4B14FD2853F4A500F1C3EF /* Sources */,
				AA4B14FE2853F4A500F1C3EF /* Frameworks */,
				AA4B14FF2853F4A500F1C3EF /* Resources */,
			);
			buildRules = (
			);
			dependencies = (
				AA4B15062853F4A500F1C3EF /* PBXTargetDependency */,
			);
			name = DokanTests;
			packageProductDependencies = (
			);
			productName = DokanTests;
			productReference = AA4B15012853F4A500F1C3EF /* DokanTests.xctest */;
			productType = "com.apple.product-type.bundle.unit-test";
		};
/* End PBXNativeTarget section */

/* Begin PBXProject section */
		AA21B42A28537E0400E4F217 /* Project object */ = {
			isa = PBXProject;
			attributes = {
				BuildIndependentTargetsInParallel = 1;
				LastSwiftUpdateCheck = 1330;
				LastUpgradeCheck = 1330;
				TargetAttributes = {
					AA21B43128537E0400E4F217 = {
						CreatedOnToolsVersion = 13.3;
					};
					AA4B15002853F4A500F1C3EF = {
						CreatedOnToolsVersion = 13.3;
						TestTargetID = AA21B43128537E0400E4F217;
					};
				};
			};
			buildConfigurationList = AA21B42D28537E0400E4F217 /* Build configuration list for PBXProject "Dokan" */;
			compatibilityVersion = "Xcode 13.0";
			developmentRegion = en;
			hasScannedForEncodings = 0;
			knownRegions = (
				en,
				Base,
			);
			mainGroup = AA21B42928537E0400E4F217;
			packageReferences = (
				AAA2E17E285CBFCA00EAD189 /* XCRemoteSwiftPackageReference "firebase-ios-sdk" */,
				519D380228A05AD90029B722 /* XCRemoteSwiftPackageReference "Kingfisher" */,
			);
			productRefGroup = AA21B43328537E0400E4F217 /* Products */;
			projectDirPath = "";
			projectRoot = "";
			targets = (
				AA21B43128537E0400E4F217 /* Dokan */,
				AA4B15002853F4A500F1C3EF /* DokanTests */,
			);
		};
/* End PBXProject section */

/* Begin PBXResourcesBuildPhase section */
		AA21B43028537E0400E4F217 /* Resources */ = {
			isa = PBXResourcesBuildPhase;
			buildActionMask = 2147483647;
			files = (
				437B99AD289082BC00F59B06 /* FeaturedProductCollectionViewCell.xib in Resources */,
				99CC7308288E2FE400503D86 /* Colors.xcassets in Resources */,
				2768DEF428A422F3004C6A5B /* SliderView.xib in Resources */,
				9900242128B15F9E00D1D722 /* InfoSellerViewController.xib in Resources */,
				85B31DBD2870BEDE00B1C9E8 /* LoginViewController.xib in Resources */,
				E251D05028784A050065C852 /* VerificationViewController.xib in Resources */,
				AA21B44228537E0500E4F217 /* LaunchScreen.storyboard in Resources */,
				276889DD287417730091ACEB /* RegisterViewController.xib in Resources */,
				2768DEEF28A422D2004C6A5B /* SliderCollectionViewCell.xib in Resources */,
				432EF5D4288F078E0073FB1D /* Localizable.strings in Resources */,
				AAA2E17D285CBB9100EAD189 /* GoogleService-Info.plist in Resources */,
				AA21B43F28537E0500E4F217 /* Assets.xcassets in Resources */,
				99091F1828895D96000FA9C9 /* ProductTitleQuantityView.xib in Resources */,
				AA57CB312881B21800FE62C8 /* ProductDetailsViewController.xib in Resources */,
				E2DADBAE288A5463005E483A /* ButtonsView.xib in Resources */,
				AA21B43D28537E0400E4F217 /* Main.storyboard in Resources */,
				856E36B1288922EF00735EF2 /* InfoSellerView.xib in Resources */,
				437B99A628907F0700F59B06 /* FeaturedProductView.xib in Resources */,
			);
			runOnlyForDeploymentPostprocessing = 0;
		};
		AA4B14FF2853F4A500F1C3EF /* Resources */ = {
			isa = PBXResourcesBuildPhase;
			buildActionMask = 2147483647;
			files = (
			);
			runOnlyForDeploymentPostprocessing = 0;
		};
/* End PBXResourcesBuildPhase section */

/* Begin PBXShellScriptBuildPhase section */
		99CC7309288E302200503D86 /* SwiftGen */ = {
			isa = PBXShellScriptBuildPhase;
			buildActionMask = 2147483647;
			files = (
			);
			inputFileListPaths = (
			);
			inputPaths = (
			);
			name = SwiftGen;
			outputFileListPaths = (
			);
			outputPaths = (
			);
			runOnlyForDeploymentPostprocessing = 0;
			shellPath = /bin/sh;
			shellScript = "# Type a script or drag a script file from your workspace to insert its path.\n$SRCROOT/../Vendors/swiftgen/bin/swiftgen\n";
		};
		AA758472289443F400445B85 /* Swift Format */ = {
			isa = PBXShellScriptBuildPhase;
			buildActionMask = 2147483647;
			files = (
			);
			inputFileListPaths = (
			);
			inputPaths = (
			);
			name = "Swift Format";
			outputFileListPaths = (
			);
			outputPaths = (
			);
			runOnlyForDeploymentPostprocessing = 0;
			shellPath = /bin/sh;
			shellScript = "if [ \"${CONFIGURATION}\" = \"Debug\" ]; then\n    echo \"🌱 SwiftFormat: Running for Debug mode\"\n    cd ../BuildTools\n    # cd BuildTools\n    SDKROOT=(xcrun --sdk macosx --show-sdk-path)\n    # swift package update #Uncomment this line temporarily to update the version used to the latest matching your BuildTools/Package.swift file\n    swift run -c release swiftformat \"$SRCROOT\"/..\nelse\n    echo \"🌱 SwiftFormat: Skip for Release mode\"\nfi\n";
		};
		AAA2E183285CC0BB00EAD189 /* Crashlytics */ = {
			isa = PBXShellScriptBuildPhase;
			buildActionMask = 2147483647;
			files = (
			);
			inputFileListPaths = (
			);
			inputPaths = (
				"${DWARF_DSYM_FOLDER_PATH}/${DWARF_DSYM_FILE_NAME}/Contents/Resources/DWARF/${TARGET_NAME}",
				"$(SRCROOT)/$(BUILT_PRODUCTS_DIR)/$(INFOPLIST_PATH)",
			);
			name = Crashlytics;
			outputFileListPaths = (
			);
			outputPaths = (
			);
			runOnlyForDeploymentPostprocessing = 0;
			shellPath = /bin/sh;
			shellScript = "# Type a script or drag a script file from your workspace to insert its path.\n\"${BUILD_DIR%/Build/*}/SourcePackages/checkouts/firebase-ios-sdk/Crashlytics/run\"\n";
		};
		E2F3F6C6285E53B600343A78 /* SwiftLint */ = {
			isa = PBXShellScriptBuildPhase;
			buildActionMask = 2147483647;
			files = (
			);
			inputFileListPaths = (
			);
			inputPaths = (
			);
			name = SwiftLint;
			outputFileListPaths = (
			);
			outputPaths = (
			);
			runOnlyForDeploymentPostprocessing = 0;
			shellPath = /bin/sh;
			shellScript = "# Type a script or drag a script file from your workspace to insert its path.\nexport PATH=\"$PATH:/opt/homebrew/bin\"\nCONFIG_FILE=\"${SRCROOT}/../.swiftlint.yml\"\nif which swiftlint > /dev/null; then\n  swiftlint lint --path \"$SRCROOT\"/.. --config $CONFIG_FILE\nelse\n  echo \"warning: SwiftLint not installed, download from https://github.com/realm/SwiftLint\"\nfi\n";
		};
/* End PBXShellScriptBuildPhase section */

/* Begin PBXSourcesBuildPhase section */
		AA21B42E28537E0400E4F217 /* Sources */ = {
			isa = PBXSourcesBuildPhase;
			buildActionMask = 2147483647;
			files = (
				E2CC398828A4A933008AE48B /* LoadingButton.swift in Sources */,
				85B31DBB2870BEDE00B1C9E8 /* LoginViewController.swift in Sources */,
				9900242028B15F9E00D1D722 /* InfoSellerViewModel.swift in Sources */,
				85B31DBA2870BEDE00B1C9E8 /* LoginViewModelType.swift in Sources */,
				856E36AF2889229B00735EF2 /* InfoSellerView.swift in Sources */,
				E251D04E28784A050065C852 /* VerificationViewController.swift in Sources */,
				AA6BBD0C28A5CB2A00A66078 /* ServiceLocator.swift in Sources */,
				AA57CB302881B21800FE62C8 /* ProductDetailsViewModel.swift in Sources */,
				B82D6D4F2892FF290035D30C /* UIModels.swift in Sources */,
				51A04FAD289335FF00900EFF /* ReviewerTableViewCell.swift in Sources */,
				AA21B43A28537E0400E4F217 /* ViewController.swift in Sources */,
				276889E1287420980091ACEB /* RegisterViewModelType.swift in Sources */,
				99091F1A28895DC1000FA9C9 /* ProductTitleQuantityView.swift in Sources */,
				9900241F28B15F9E00D1D722 /* InfoSellerViewController.swift in Sources */,
				276889DF28741F750091ACEB /* RegisterViewModel.swift in Sources */,
				276889DC287417730091ACEB /* RegisterViewController.swift in Sources */,
				437B99AC289082BC00F59B06 /* FeaturedProductCollectionViewCell.swift in Sources */,
				AA21B43628537E0400E4F217 /* AppDelegate.swift in Sources */,
				E2DADBAC288A5445005E483A /* ButtonsView.swift in Sources */,
				AA57CB2E2881B21800FE62C8 /* ProductDetailsViewModelType.swift in Sources */,
				E251D04D28784A050065C852 /* VerificationViewModelType.swift in Sources */,
				432EF5D8288F2E7D0073FB1D /* Strings+Generated.swift in Sources */,
				85DA676428928F1500DCABD2 /* InfoSellerViewDelegate.swift in Sources */,
				B803A84428AFECEE0005C8B9 /* ReviewsView.swift in Sources */,
				2768DEF028A422D2004C6A5B /* SliderCollectionViewCell.swift in Sources */,
				519D380728A05B860029B722 /* UIImage+Extension.swift in Sources */,
				E251D04F28784A050065C852 /* VerificationViewModel.swift in Sources */,
				85F6B6DA28919C87007730AB /* ProductDetailsNavigationBarBehavior.swift in Sources */,
				2768DEF528A422F3004C6A5B /* SliderView.swift in Sources */,
				AA57CB2F2881B21800FE62C8 /* ProductDetailsViewController.swift in Sources */,
				AA21B43828537E0400E4F217 /* SceneDelegate.swift in Sources */,
				AA98C0762867EAC0004C5967 /* Logging.swift in Sources */,
				85B31DBC2870BEDE00B1C9E8 /* LoginViewModel.swift in Sources */,
				437B99A828907F2A00F59B06 /* FeaturedProductView.swift in Sources */,
				9900241E28B15F9E00D1D722 /* InfoSellerViewModelType.swift in Sources */,
			);
			runOnlyForDeploymentPostprocessing = 0;
		};
		AA4B14FD2853F4A500F1C3EF /* Sources */ = {
			isa = PBXSourcesBuildPhase;
			buildActionMask = 2147483647;
			files = (
				AADC5BB1289ADFF300C9AA12 /* RegisterViewControllerTests.swift in Sources */,
				43D4BF0B2891A5C50023190F /* FeaturedProductCollectionViewCellTests.swift in Sources */,
				43D4BF0928918F9A0023190F /* FeaturedProductTests.swift in Sources */,
			);
			runOnlyForDeploymentPostprocessing = 0;
		};
/* End PBXSourcesBuildPhase section */

/* Begin PBXTargetDependency section */
		AA4B15062853F4A500F1C3EF /* PBXTargetDependency */ = {
			isa = PBXTargetDependency;
			target = AA21B43128537E0400E4F217 /* Dokan */;
			targetProxy = AA4B15052853F4A500F1C3EF /* PBXContainerItemProxy */;
		};
/* End PBXTargetDependency section */

/* Begin PBXVariantGroup section */
		AA21B43B28537E0400E4F217 /* Main.storyboard */ = {
			isa = PBXVariantGroup;
			children = (
				AA21B43C28537E0400E4F217 /* Base */,
			);
			name = Main.storyboard;
			sourceTree = "<group>";
		};
		AA21B44028537E0500E4F217 /* LaunchScreen.storyboard */ = {
			isa = PBXVariantGroup;
			children = (
				AA21B44128537E0500E4F217 /* Base */,
			);
			name = LaunchScreen.storyboard;
			sourceTree = "<group>";
		};
/* End PBXVariantGroup section */

/* Begin XCBuildConfiguration section */
		AA21B44428537E0500E4F217 /* Debug */ = {
			isa = XCBuildConfiguration;
			buildSettings = {
				ALWAYS_SEARCH_USER_PATHS = NO;
				CLANG_ANALYZER_NONNULL = YES;
				CLANG_ANALYZER_NUMBER_OBJECT_CONVERSION = YES_AGGRESSIVE;
				CLANG_CXX_LANGUAGE_STANDARD = "gnu++17";
				CLANG_ENABLE_MODULES = YES;
				CLANG_ENABLE_OBJC_ARC = YES;
				CLANG_ENABLE_OBJC_WEAK = YES;
				CLANG_WARN_BLOCK_CAPTURE_AUTORELEASING = YES;
				CLANG_WARN_BOOL_CONVERSION = YES;
				CLANG_WARN_COMMA = YES;
				CLANG_WARN_CONSTANT_CONVERSION = YES;
				CLANG_WARN_DEPRECATED_OBJC_IMPLEMENTATIONS = YES;
				CLANG_WARN_DIRECT_OBJC_ISA_USAGE = YES_ERROR;
				CLANG_WARN_DOCUMENTATION_COMMENTS = YES;
				CLANG_WARN_EMPTY_BODY = YES;
				CLANG_WARN_ENUM_CONVERSION = YES;
				CLANG_WARN_INFINITE_RECURSION = YES;
				CLANG_WARN_INT_CONVERSION = YES;
				CLANG_WARN_NON_LITERAL_NULL_CONVERSION = YES;
				CLANG_WARN_OBJC_IMPLICIT_RETAIN_SELF = YES;
				CLANG_WARN_OBJC_LITERAL_CONVERSION = YES;
				CLANG_WARN_OBJC_ROOT_CLASS = YES_ERROR;
				CLANG_WARN_QUOTED_INCLUDE_IN_FRAMEWORK_HEADER = YES;
				CLANG_WARN_RANGE_LOOP_ANALYSIS = YES;
				CLANG_WARN_STRICT_PROTOTYPES = YES;
				CLANG_WARN_SUSPICIOUS_MOVE = YES;
				CLANG_WARN_UNGUARDED_AVAILABILITY = YES_AGGRESSIVE;
				CLANG_WARN_UNREACHABLE_CODE = YES;
				CLANG_WARN__DUPLICATE_METHOD_MATCH = YES;
				COPY_PHASE_STRIP = NO;
				DEBUG_INFORMATION_FORMAT = dwarf;
				ENABLE_STRICT_OBJC_MSGSEND = YES;
				ENABLE_TESTABILITY = YES;
				GCC_C_LANGUAGE_STANDARD = gnu11;
				GCC_DYNAMIC_NO_PIC = NO;
				GCC_NO_COMMON_BLOCKS = YES;
				GCC_OPTIMIZATION_LEVEL = 0;
				GCC_PREPROCESSOR_DEFINITIONS = (
					"DEBUG=1",
					"$(inherited)",
				);
				GCC_WARN_64_TO_32_BIT_CONVERSION = YES;
				GCC_WARN_ABOUT_RETURN_TYPE = YES_ERROR;
				GCC_WARN_UNDECLARED_SELECTOR = YES;
				GCC_WARN_UNINITIALIZED_AUTOS = YES_AGGRESSIVE;
				GCC_WARN_UNUSED_FUNCTION = YES;
				GCC_WARN_UNUSED_VARIABLE = YES;
				IPHONEOS_DEPLOYMENT_TARGET = 13.0;
				MTL_ENABLE_DEBUG_INFO = INCLUDE_SOURCE;
				MTL_FAST_MATH = YES;
				ONLY_ACTIVE_ARCH = YES;
				SDKROOT = iphoneos;
				SWIFT_ACTIVE_COMPILATION_CONDITIONS = DEBUG;
				SWIFT_OPTIMIZATION_LEVEL = "-Onone";
			};
			name = Debug;
		};
		AA21B44528537E0500E4F217 /* Release */ = {
			isa = XCBuildConfiguration;
			buildSettings = {
				ALWAYS_SEARCH_USER_PATHS = NO;
				CLANG_ANALYZER_NONNULL = YES;
				CLANG_ANALYZER_NUMBER_OBJECT_CONVERSION = YES_AGGRESSIVE;
				CLANG_CXX_LANGUAGE_STANDARD = "gnu++17";
				CLANG_ENABLE_MODULES = YES;
				CLANG_ENABLE_OBJC_ARC = YES;
				CLANG_ENABLE_OBJC_WEAK = YES;
				CLANG_WARN_BLOCK_CAPTURE_AUTORELEASING = YES;
				CLANG_WARN_BOOL_CONVERSION = YES;
				CLANG_WARN_COMMA = YES;
				CLANG_WARN_CONSTANT_CONVERSION = YES;
				CLANG_WARN_DEPRECATED_OBJC_IMPLEMENTATIONS = YES;
				CLANG_WARN_DIRECT_OBJC_ISA_USAGE = YES_ERROR;
				CLANG_WARN_DOCUMENTATION_COMMENTS = YES;
				CLANG_WARN_EMPTY_BODY = YES;
				CLANG_WARN_ENUM_CONVERSION = YES;
				CLANG_WARN_INFINITE_RECURSION = YES;
				CLANG_WARN_INT_CONVERSION = YES;
				CLANG_WARN_NON_LITERAL_NULL_CONVERSION = YES;
				CLANG_WARN_OBJC_IMPLICIT_RETAIN_SELF = YES;
				CLANG_WARN_OBJC_LITERAL_CONVERSION = YES;
				CLANG_WARN_OBJC_ROOT_CLASS = YES_ERROR;
				CLANG_WARN_QUOTED_INCLUDE_IN_FRAMEWORK_HEADER = YES;
				CLANG_WARN_RANGE_LOOP_ANALYSIS = YES;
				CLANG_WARN_STRICT_PROTOTYPES = YES;
				CLANG_WARN_SUSPICIOUS_MOVE = YES;
				CLANG_WARN_UNGUARDED_AVAILABILITY = YES_AGGRESSIVE;
				CLANG_WARN_UNREACHABLE_CODE = YES;
				CLANG_WARN__DUPLICATE_METHOD_MATCH = YES;
				COPY_PHASE_STRIP = NO;
				DEBUG_INFORMATION_FORMAT = "dwarf-with-dsym";
				ENABLE_NS_ASSERTIONS = NO;
				ENABLE_STRICT_OBJC_MSGSEND = YES;
				GCC_C_LANGUAGE_STANDARD = gnu11;
				GCC_NO_COMMON_BLOCKS = YES;
				GCC_WARN_64_TO_32_BIT_CONVERSION = YES;
				GCC_WARN_ABOUT_RETURN_TYPE = YES_ERROR;
				GCC_WARN_UNDECLARED_SELECTOR = YES;
				GCC_WARN_UNINITIALIZED_AUTOS = YES_AGGRESSIVE;
				GCC_WARN_UNUSED_FUNCTION = YES;
				GCC_WARN_UNUSED_VARIABLE = YES;
				IPHONEOS_DEPLOYMENT_TARGET = 13.0;
				MTL_ENABLE_DEBUG_INFO = NO;
				MTL_FAST_MATH = YES;
				SDKROOT = iphoneos;
				SWIFT_COMPILATION_MODE = wholemodule;
				SWIFT_OPTIMIZATION_LEVEL = "-O";
				VALIDATE_PRODUCT = YES;
			};
			name = Release;
		};
		AA21B44728537E0500E4F217 /* Debug */ = {
			isa = XCBuildConfiguration;
			buildSettings = {
				ASSETCATALOG_COMPILER_APPICON_NAME = AppIcon;
				ASSETCATALOG_COMPILER_GLOBAL_ACCENT_COLOR_NAME = AccentColor;
				CODE_SIGN_STYLE = Automatic;
				CURRENT_PROJECT_VERSION = 1;
				DEBUG_INFORMATION_FORMAT = "dwarf-with-dsym";
				DEVELOPMENT_TEAM = L79YXVBK78;
				GENERATE_INFOPLIST_FILE = YES;
				INFOPLIST_FILE = Dokan/Info.plist;
				INFOPLIST_KEY_UIApplicationSupportsIndirectInputEvents = YES;
				INFOPLIST_KEY_UILaunchStoryboardName = LaunchScreen;
				INFOPLIST_KEY_UIMainStoryboardFile = Main;
				INFOPLIST_KEY_UISupportedInterfaceOrientations_iPad = "UIInterfaceOrientationPortrait UIInterfaceOrientationPortraitUpsideDown UIInterfaceOrientationLandscapeLeft UIInterfaceOrientationLandscapeRight";
				INFOPLIST_KEY_UISupportedInterfaceOrientations_iPhone = "UIInterfaceOrientationPortrait UIInterfaceOrientationLandscapeLeft UIInterfaceOrientationLandscapeRight";
				IPHONEOS_DEPLOYMENT_TARGET = 13.0;
				LD_RUNPATH_SEARCH_PATHS = (
					"$(inherited)",
					"@executable_path/Frameworks",
				);
				MARKETING_VERSION = 1.0;
				PRODUCT_BUNDLE_IDENTIFIER = com.motoon.Dokan;
				PRODUCT_NAME = "$(TARGET_NAME)";
				SWIFT_EMIT_LOC_STRINGS = YES;
				SWIFT_VERSION = 5.0;
				TARGETED_DEVICE_FAMILY = "1,2";
			};
			name = Debug;
		};
		AA21B44828537E0500E4F217 /* Release */ = {
			isa = XCBuildConfiguration;
			buildSettings = {
				ASSETCATALOG_COMPILER_APPICON_NAME = AppIcon;
				ASSETCATALOG_COMPILER_GLOBAL_ACCENT_COLOR_NAME = AccentColor;
				CODE_SIGN_STYLE = Automatic;
				CURRENT_PROJECT_VERSION = 1;
				DEBUG_INFORMATION_FORMAT = "dwarf-with-dsym";
				DEVELOPMENT_TEAM = L79YXVBK78;
				ENABLE_TESTABILITY = YES;
				GENERATE_INFOPLIST_FILE = YES;
				INFOPLIST_FILE = Dokan/Info.plist;
				INFOPLIST_KEY_UIApplicationSupportsIndirectInputEvents = YES;
				INFOPLIST_KEY_UILaunchStoryboardName = LaunchScreen;
				INFOPLIST_KEY_UIMainStoryboardFile = Main;
				INFOPLIST_KEY_UISupportedInterfaceOrientations_iPad = "UIInterfaceOrientationPortrait UIInterfaceOrientationPortraitUpsideDown UIInterfaceOrientationLandscapeLeft UIInterfaceOrientationLandscapeRight";
				INFOPLIST_KEY_UISupportedInterfaceOrientations_iPhone = "UIInterfaceOrientationPortrait UIInterfaceOrientationLandscapeLeft UIInterfaceOrientationLandscapeRight";
				IPHONEOS_DEPLOYMENT_TARGET = 13.0;
				LD_RUNPATH_SEARCH_PATHS = (
					"$(inherited)",
					"@executable_path/Frameworks",
				);
				MARKETING_VERSION = 1.0;
				PRODUCT_BUNDLE_IDENTIFIER = com.motoon.Dokan;
				PRODUCT_NAME = "$(TARGET_NAME)";
				SWIFT_EMIT_LOC_STRINGS = YES;
				SWIFT_VERSION = 5.0;
				TARGETED_DEVICE_FAMILY = "1,2";
			};
			name = Release;
		};
		AA4B15072853F4A500F1C3EF /* Debug */ = {
			isa = XCBuildConfiguration;
			buildSettings = {
				BUNDLE_LOADER = "$(TEST_HOST)";
				CODE_SIGN_STYLE = Automatic;
				CURRENT_PROJECT_VERSION = 1;
				DEVELOPMENT_TEAM = L79YXVBK78;
				GENERATE_INFOPLIST_FILE = YES;
				IPHONEOS_DEPLOYMENT_TARGET = 13.0;
				MARKETING_VERSION = 1.0;
				PRODUCT_BUNDLE_IDENTIFIER = com.motoon.DokanTests;
				PRODUCT_NAME = "$(TARGET_NAME)";
				SWIFT_EMIT_LOC_STRINGS = NO;
				SWIFT_VERSION = 5.0;
				TARGETED_DEVICE_FAMILY = "1,2";
				TEST_HOST = "$(BUILT_PRODUCTS_DIR)/Dokan.app/Dokan";
			};
			name = Debug;
		};
		AA4B15082853F4A500F1C3EF /* Release */ = {
			isa = XCBuildConfiguration;
			buildSettings = {
				BUNDLE_LOADER = "$(TEST_HOST)";
				CODE_SIGN_STYLE = Automatic;
				CURRENT_PROJECT_VERSION = 1;
				DEVELOPMENT_TEAM = L79YXVBK78;
				GENERATE_INFOPLIST_FILE = YES;
				IPHONEOS_DEPLOYMENT_TARGET = 13.0;
				MARKETING_VERSION = 1.0;
				PRODUCT_BUNDLE_IDENTIFIER = com.motoon.DokanTests;
				PRODUCT_NAME = "$(TARGET_NAME)";
				SWIFT_EMIT_LOC_STRINGS = NO;
				SWIFT_VERSION = 5.0;
				TARGETED_DEVICE_FAMILY = "1,2";
				TEST_HOST = "$(BUILT_PRODUCTS_DIR)/Dokan.app/Dokan";
			};
			name = Release;
		};
/* End XCBuildConfiguration section */

/* Begin XCConfigurationList section */
		AA21B42D28537E0400E4F217 /* Build configuration list for PBXProject "Dokan" */ = {
			isa = XCConfigurationList;
			buildConfigurations = (
				AA21B44428537E0500E4F217 /* Debug */,
				AA21B44528537E0500E4F217 /* Release */,
			);
			defaultConfigurationIsVisible = 0;
			defaultConfigurationName = Release;
		};
		AA21B44628537E0500E4F217 /* Build configuration list for PBXNativeTarget "Dokan" */ = {
			isa = XCConfigurationList;
			buildConfigurations = (
				AA21B44728537E0500E4F217 /* Debug */,
				AA21B44828537E0500E4F217 /* Release */,
			);
			defaultConfigurationIsVisible = 0;
			defaultConfigurationName = Release;
		};
		AA4B15092853F4A500F1C3EF /* Build configuration list for PBXNativeTarget "DokanTests" */ = {
			isa = XCConfigurationList;
			buildConfigurations = (
				AA4B15072853F4A500F1C3EF /* Debug */,
				AA4B15082853F4A500F1C3EF /* Release */,
			);
			defaultConfigurationIsVisible = 0;
			defaultConfigurationName = Release;
		};
/* End XCConfigurationList section */

/* Begin XCRemoteSwiftPackageReference section */
		519D380228A05AD90029B722 /* XCRemoteSwiftPackageReference "Kingfisher" */ = {
			isa = XCRemoteSwiftPackageReference;
			repositoryURL = "https://github.com/onevcat/Kingfisher.git";
			requirement = {
				kind = upToNextMajorVersion;
				minimumVersion = 7.0.0;
			};
		};
		AAA2E17E285CBFCA00EAD189 /* XCRemoteSwiftPackageReference "firebase-ios-sdk" */ = {
			isa = XCRemoteSwiftPackageReference;
			repositoryURL = "https://github.com/firebase/firebase-ios-sdk";
			requirement = {
				kind = upToNextMajorVersion;
				minimumVersion = 9.0.0;
			};
		};
/* End XCRemoteSwiftPackageReference section */

/* Begin XCSwiftPackageProductDependency section */
		437D1B1D2870F2C400B972BC /* Core */ = {
			isa = XCSwiftPackageProductDependency;
			productName = Core;
		};
		519D380328A05AD90029B722 /* Kingfisher */ = {
			isa = XCSwiftPackageProductDependency;
			package = 519D380228A05AD90029B722 /* XCRemoteSwiftPackageReference "Kingfisher" */;
			productName = Kingfisher;
		};
		AA98C06F2867E660004C5967 /* DKFoundation */ = {
			isa = XCSwiftPackageProductDependency;
			productName = DKFoundation;
		};
		AAA2E17F285CBFCA00EAD189 /* FirebaseAnalytics */ = {
			isa = XCSwiftPackageProductDependency;
			package = AAA2E17E285CBFCA00EAD189 /* XCRemoteSwiftPackageReference "firebase-ios-sdk" */;
			productName = FirebaseAnalytics;
		};
		AAA2E181285CBFCA00EAD189 /* FirebaseCrashlytics */ = {
			isa = XCSwiftPackageProductDependency;
			package = AAA2E17E285CBFCA00EAD189 /* XCRemoteSwiftPackageReference "firebase-ios-sdk" */;
			productName = FirebaseCrashlytics;
		};
		AAE1A1BE285E1A3A00A4EBB0 /* Networking */ = {
			isa = XCSwiftPackageProductDependency;
			productName = Networking;
		};
		AAE1A1C0285E1A3D00A4EBB0 /* UIDokan */ = {
			isa = XCSwiftPackageProductDependency;
			productName = UIDokan;
		};
/* End XCSwiftPackageProductDependency section */
	};
	rootObject = AA21B42A28537E0400E4F217 /* Project object */;
}
