// !$*UTF8*$!
{
	archiveVersion = 1;
	classes = {
	};
	objectVersion = 55;
	objects = {

/* Begin PBXBuildFile section */
		AA21B4582853807C00E4F217 /* DKFoundation.docc in Sources */ = {isa = PBXBuildFile; fileRef = AA21B4572853807C00E4F217 /* DKFoundation.docc */; };
		AA21B45E2853807C00E4F217 /* DKFoundation.framework in Frameworks */ = {isa = PBXBuildFile; fileRef = AA21B4532853807C00E4F217 /* DKFoundation.framework */; };
		AA21B4632853807C00E4F217 /* DKFoundationTests.swift in Sources */ = {isa = PBXBuildFile; fileRef = AA21B4622853807C00E4F217 /* DKFoundationTests.swift */; };
		AA21B4642853807C00E4F217 /* DKFoundation.h in Headers */ = {isa = PBXBuildFile; fileRef = AA21B4562853807C00E4F217 /* DKFoundation.h */; settings = {ATTRIBUTES = (Public, ); }; };
/* End PBXBuildFile section */

/* Begin PBXContainerItemProxy section */
		AA21B45F2853807C00E4F217 /* PBXContainerItemProxy */ = {
			isa = PBXContainerItemProxy;
			containerPortal = AA21B44A2853807C00E4F217 /* Project object */;
			proxyType = 1;
			remoteGlobalIDString = AA21B4522853807C00E4F217;
			remoteInfo = DKFoundation;
		};
/* End PBXContainerItemProxy section */

/* Begin PBXFileReference section */
		AA21B4532853807C00E4F217 /* DKFoundation.framework */ = {isa = PBXFileReference; explicitFileType = wrapper.framework; includeInIndex = 0; path = DKFoundation.framework; sourceTree = BUILT_PRODUCTS_DIR; };
		AA21B4562853807C00E4F217 /* DKFoundation.h */ = {isa = PBXFileReference; lastKnownFileType = sourcecode.c.h; path = DKFoundation.h; sourceTree = "<group>"; };
		AA21B4572853807C00E4F217 /* DKFoundation.docc */ = {isa = PBXFileReference; lastKnownFileType = folder.documentationcatalog; path = DKFoundation.docc; sourceTree = "<group>"; };
		AA21B45D2853807C00E4F217 /* DKFoundationTests.xctest */ = {isa = PBXFileReference; explicitFileType = wrapper.cfbundle; includeInIndex = 0; path = DKFoundationTests.xctest; sourceTree = BUILT_PRODUCTS_DIR; };
		AA21B4622853807C00E4F217 /* DKFoundationTests.swift */ = {isa = PBXFileReference; lastKnownFileType = sourcecode.swift; path = DKFoundationTests.swift; sourceTree = "<group>"; };
/* End PBXFileReference section */

/* Begin PBXFrameworksBuildPhase section */
		AA21B4502853807C00E4F217 /* Frameworks */ = {
			isa = PBXFrameworksBuildPhase;
			buildActionMask = 2147483647;
			files = (
			);
			runOnlyForDeploymentPostprocessing = 0;
		};
		AA21B45A2853807C00E4F217 /* Frameworks */ = {
			isa = PBXFrameworksBuildPhase;
			buildActionMask = 2147483647;
			files = (
				AA21B45E2853807C00E4F217 /* DKFoundation.framework in Frameworks */,
			);
			runOnlyForDeploymentPostprocessing = 0;
		};
/* End PBXFrameworksBuildPhase section */

/* Begin PBXGroup section */
		AA21B4492853807C00E4F217 = {
			isa = PBXGroup;
			children = (
				AA21B4552853807C00E4F217 /* DKFoundation */,
				AA21B4612853807C00E4F217 /* DKFoundationTests */,
				AA21B4542853807C00E4F217 /* Products */,
			);
			sourceTree = "<group>";
		};
		AA21B4542853807C00E4F217 /* Products */ = {
			isa = PBXGroup;
			children = (
				AA21B4532853807C00E4F217 /* DKFoundation.framework */,
				AA21B45D2853807C00E4F217 /* DKFoundationTests.xctest */,
			);
			name = Products;
			sourceTree = "<group>";
		};
		AA21B4552853807C00E4F217 /* DKFoundation */ = {
			isa = PBXGroup;
			children = (
				AA21B4562853807C00E4F217 /* DKFoundation.h */,
				AA21B4572853807C00E4F217 /* DKFoundation.docc */,
			);
			path = DKFoundation;
			sourceTree = "<group>";
		};
		AA21B4612853807C00E4F217 /* DKFoundationTests */ = {
			isa = PBXGroup;
			children = (
				AA21B4622853807C00E4F217 /* DKFoundationTests.swift */,
			);
			path = DKFoundationTests;
			sourceTree = "<group>";
		};
/* End PBXGroup section */

/* Begin PBXHeadersBuildPhase section */
		AA21B44E2853807C00E4F217 /* Headers */ = {
			isa = PBXHeadersBuildPhase;
			buildActionMask = 2147483647;
			files = (
				AA21B4642853807C00E4F217 /* DKFoundation.h in Headers */,
			);
			runOnlyForDeploymentPostprocessing = 0;
		};
/* End PBXHeadersBuildPhase section */

/* Begin PBXNativeTarget section */
		AA21B4522853807C00E4F217 /* DKFoundation */ = {
			isa = PBXNativeTarget;
			buildConfigurationList = AA21B4672853807C00E4F217 /* Build configuration list for PBXNativeTarget "DKFoundation" */;
			buildPhases = (
				AA21B44E2853807C00E4F217 /* Headers */,
				AA21B44F2853807C00E4F217 /* Sources */,
				AA21B4502853807C00E4F217 /* Frameworks */,
				AA21B4512853807C00E4F217 /* Resources */,
			);
			buildRules = (
			);
			dependencies = (
			);
			name = DKFoundation;
			productName = DKFoundation;
			productReference = AA21B4532853807C00E4F217 /* DKFoundation.framework */;
			productType = "com.apple.product-type.framework";
		};
		AA21B45C2853807C00E4F217 /* DKFoundationTests */ = {
			isa = PBXNativeTarget;
			buildConfigurationList = AA21B46A2853807C00E4F217 /* Build configuration list for PBXNativeTarget "DKFoundationTests" */;
			buildPhases = (
				AA21B4592853807C00E4F217 /* Sources */,
				AA21B45A2853807C00E4F217 /* Frameworks */,
				AA21B45B2853807C00E4F217 /* Resources */,
			);
			buildRules = (
			);
			dependencies = (
				AA21B4602853807C00E4F217 /* PBXTargetDependency */,
			);
			name = DKFoundationTests;
			productName = DKFoundationTests;
			productReference = AA21B45D2853807C00E4F217 /* DKFoundationTests.xctest */;
			productType = "com.apple.product-type.bundle.unit-test";
		};
/* End PBXNativeTarget section */

/* Begin PBXProject section */
		AA21B44A2853807C00E4F217 /* Project object */ = {
			isa = PBXProject;
			attributes = {
				BuildIndependentTargetsInParallel = 1;
				LastSwiftUpdateCheck = 1330;
				LastUpgradeCheck = 1330;
				TargetAttributes = {
					AA21B4522853807C00E4F217 = {
						CreatedOnToolsVersion = 13.3;
					};
					AA21B45C2853807C00E4F217 = {
						CreatedOnToolsVersion = 13.3;
					};
				};
			};
			buildConfigurationList = AA21B44D2853807C00E4F217 /* Build configuration list for PBXProject "DKFoundation" */;
			compatibilityVersion = "Xcode 13.0";
			developmentRegion = en;
			hasScannedForEncodings = 0;
			knownRegions = (
				en,
				Base,
			);
			mainGroup = AA21B4492853807C00E4F217;
			productRefGroup = AA21B4542853807C00E4F217 /* Products */;
			projectDirPath = "";
			projectRoot = "";
			targets = (
				AA21B4522853807C00E4F217 /* DKFoundation */,
				AA21B45C2853807C00E4F217 /* DKFoundationTests */,
			);
		};
/* End PBXProject section */

/* Begin PBXResourcesBuildPhase section */
		AA21B4512853807C00E4F217 /* Resources */ = {
			isa = PBXResourcesBuildPhase;
			buildActionMask = 2147483647;
			files = (
			);
			runOnlyForDeploymentPostprocessing = 0;
		};
		AA21B45B2853807C00E4F217 /* Resources */ = {
			isa = PBXResourcesBuildPhase;
			buildActionMask = 2147483647;
			files = (
			);
			runOnlyForDeploymentPostprocessing = 0;
		};
/* End PBXResourcesBuildPhase section */

/* Begin PBXSourcesBuildPhase section */
		AA21B44F2853807C00E4F217 /* Sources */ = {
			isa = PBXSourcesBuildPhase;
			buildActionMask = 2147483647;
			files = (
				AA21B4582853807C00E4F217 /* DKFoundation.docc in Sources */,
			);
			runOnlyForDeploymentPostprocessing = 0;
		};
		AA21B4592853807C00E4F217 /* Sources */ = {
			isa = PBXSourcesBuildPhase;
			buildActionMask = 2147483647;
			files = (
				AA21B4632853807C00E4F217 /* DKFoundationTests.swift in Sources */,
			);
			runOnlyForDeploymentPostprocessing = 0;
		};
/* End PBXSourcesBuildPhase section */

/* Begin PBXTargetDependency section */
		AA21B4602853807C00E4F217 /* PBXTargetDependency */ = {
			isa = PBXTargetDependency;
			target = AA21B4522853807C00E4F217 /* DKFoundation */;
			targetProxy = AA21B45F2853807C00E4F217 /* PBXContainerItemProxy */;
		};
/* End PBXTargetDependency section */

/* Begin XCBuildConfiguration section */
		AA21B4652853807C00E4F217 /* Debug */ = {
			isa = XCBuildConfiguration;
			buildSettings = {
				ALWAYS_SEARCH_USER_PATHS = NO;
				CLANG_ANALYZER_NONNULL = YES;
				CLANG_ANALYZER_NUMBER_OBJECT_CONVERSION = YES_AGGRESSIVE;
				CLANG_CXX_LANGUAGE_STANDARD = "gnu++17";
				CLANG_ENABLE_MODULES = YES;
				CLANG_ENABLE_OBJC_ARC = YES;
				CLANG_ENABLE_OBJC_WEAK = YES;
				CLANG_WARN_BLOCK_CAPTURE_AUTORELEASING = YES;
				CLANG_WARN_BOOL_CONVERSION = YES;
				CLANG_WARN_COMMA = YES;
				CLANG_WARN_CONSTANT_CONVERSION = YES;
				CLANG_WARN_DEPRECATED_OBJC_IMPLEMENTATIONS = YES;
				CLANG_WARN_DIRECT_OBJC_ISA_USAGE = YES_ERROR;
				CLANG_WARN_DOCUMENTATION_COMMENTS = YES;
				CLANG_WARN_EMPTY_BODY = YES;
				CLANG_WARN_ENUM_CONVERSION = YES;
				CLANG_WARN_INFINITE_RECURSION = YES;
				CLANG_WARN_INT_CONVERSION = YES;
				CLANG_WARN_NON_LITERAL_NULL_CONVERSION = YES;
				CLANG_WARN_OBJC_IMPLICIT_RETAIN_SELF = YES;
				CLANG_WARN_OBJC_LITERAL_CONVERSION = YES;
				CLANG_WARN_OBJC_ROOT_CLASS = YES_ERROR;
				CLANG_WARN_QUOTED_INCLUDE_IN_FRAMEWORK_HEADER = YES;
				CLANG_WARN_RANGE_LOOP_ANALYSIS = YES;
				CLANG_WARN_STRICT_PROTOTYPES = YES;
				CLANG_WARN_SUSPICIOUS_MOVE = YES;
				CLANG_WARN_UNGUARDED_AVAILABILITY = YES_AGGRESSIVE;
				CLANG_WARN_UNREACHABLE_CODE = YES;
				CLANG_WARN__DUPLICATE_METHOD_MATCH = YES;
				COPY_PHASE_STRIP = NO;
				CURRENT_PROJECT_VERSION = 1;
				DEBUG_INFORMATION_FORMAT = dwarf;
				ENABLE_STRICT_OBJC_MSGSEND = YES;
				ENABLE_TESTABILITY = YES;
				GCC_C_LANGUAGE_STANDARD = gnu11;
				GCC_DYNAMIC_NO_PIC = NO;
				GCC_NO_COMMON_BLOCKS = YES;
				GCC_OPTIMIZATION_LEVEL = 0;
				GCC_PREPROCESSOR_DEFINITIONS = (
					"DEBUG=1",
					"$(inherited)",
				);
				GCC_WARN_64_TO_32_BIT_CONVERSION = YES;
				GCC_WARN_ABOUT_RETURN_TYPE = YES_ERROR;
				GCC_WARN_UNDECLARED_SELECTOR = YES;
				GCC_WARN_UNINITIALIZED_AUTOS = YES_AGGRESSIVE;
				GCC_WARN_UNUSED_FUNCTION = YES;
				GCC_WARN_UNUSED_VARIABLE = YES;
				IPHONEOS_DEPLOYMENT_TARGET = 15.4;
				MTL_ENABLE_DEBUG_INFO = INCLUDE_SOURCE;
				MTL_FAST_MATH = YES;
				ONLY_ACTIVE_ARCH = YES;
				SDKROOT = iphoneos;
				SWIFT_ACTIVE_COMPILATION_CONDITIONS = DEBUG;
				SWIFT_OPTIMIZATION_LEVEL = "-Onone";
				VERSIONING_SYSTEM = "apple-generic";
				VERSION_INFO_PREFIX = "";
			};
			name = Debug;
		};
		AA21B4662853807C00E4F217 /* Release */ = {
			isa = XCBuildConfiguration;
			buildSettings = {
				ALWAYS_SEARCH_USER_PATHS = NO;
				CLANG_ANALYZER_NONNULL = YES;
				CLANG_ANALYZER_NUMBER_OBJECT_CONVERSION = YES_AGGRESSIVE;
				CLANG_CXX_LANGUAGE_STANDARD = "gnu++17";
				CLANG_ENABLE_MODULES = YES;
				CLANG_ENABLE_OBJC_ARC = YES;
				CLANG_ENABLE_OBJC_WEAK = YES;
				CLANG_WARN_BLOCK_CAPTURE_AUTORELEASING = YES;
				CLANG_WARN_BOOL_CONVERSION = YES;
				CLANG_WARN_COMMA = YES;
				CLANG_WARN_CONSTANT_CONVERSION = YES;
				CLANG_WARN_DEPRECATED_OBJC_IMPLEMENTATIONS = YES;
				CLANG_WARN_DIRECT_OBJC_ISA_USAGE = YES_ERROR;
				CLANG_WARN_DOCUMENTATION_COMMENTS = YES;
				CLANG_WARN_EMPTY_BODY = YES;
				CLANG_WARN_ENUM_CONVERSION = YES;
				CLANG_WARN_INFINITE_RECURSION = YES;
				CLANG_WARN_INT_CONVERSION = YES;
				CLANG_WARN_NON_LITERAL_NULL_CONVERSION = YES;
				CLANG_WARN_OBJC_IMPLICIT_RETAIN_SELF = YES;
				CLANG_WARN_OBJC_LITERAL_CONVERSION = YES;
				CLANG_WARN_OBJC_ROOT_CLASS = YES_ERROR;
				CLANG_WARN_QUOTED_INCLUDE_IN_FRAMEWORK_HEADER = YES;
				CLANG_WARN_RANGE_LOOP_ANALYSIS = YES;
				CLANG_WARN_STRICT_PROTOTYPES = YES;
				CLANG_WARN_SUSPICIOUS_MOVE = YES;
				CLANG_WARN_UNGUARDED_AVAILABILITY = YES_AGGRESSIVE;
				CLANG_WARN_UNREACHABLE_CODE = YES;
				CLANG_WARN__DUPLICATE_METHOD_MATCH = YES;
				COPY_PHASE_STRIP = NO;
				CURRENT_PROJECT_VERSION = 1;
				DEBUG_INFORMATION_FORMAT = "dwarf-with-dsym";
				ENABLE_NS_ASSERTIONS = NO;
				ENABLE_STRICT_OBJC_MSGSEND = YES;
				GCC_C_LANGUAGE_STANDARD = gnu11;
				GCC_NO_COMMON_BLOCKS = YES;
				GCC_WARN_64_TO_32_BIT_CONVERSION = YES;
				GCC_WARN_ABOUT_RETURN_TYPE = YES_ERROR;
				GCC_WARN_UNDECLARED_SELECTOR = YES;
				GCC_WARN_UNINITIALIZED_AUTOS = YES_AGGRESSIVE;
				GCC_WARN_UNUSED_FUNCTION = YES;
				GCC_WARN_UNUSED_VARIABLE = YES;
				IPHONEOS_DEPLOYMENT_TARGET = 15.4;
				MTL_ENABLE_DEBUG_INFO = NO;
				MTL_FAST_MATH = YES;
				SDKROOT = iphoneos;
				SWIFT_COMPILATION_MODE = wholemodule;
				SWIFT_OPTIMIZATION_LEVEL = "-O";
				VALIDATE_PRODUCT = YES;
				VERSIONING_SYSTEM = "apple-generic";
				VERSION_INFO_PREFIX = "";
			};
			name = Release;
		};
		AA21B4682853807C00E4F217 /* Debug */ = {
			isa = XCBuildConfiguration;
			buildSettings = {
				CODE_SIGN_STYLE = Automatic;
				CURRENT_PROJECT_VERSION = 1;
				DEFINES_MODULE = YES;
				DEVELOPMENT_TEAM = L79YXVBK78;
				DYLIB_COMPATIBILITY_VERSION = 1;
				DYLIB_CURRENT_VERSION = 1;
				DYLIB_INSTALL_NAME_BASE = "@rpath";
				GENERATE_INFOPLIST_FILE = YES;
				INFOPLIST_KEY_NSHumanReadableCopyright = "";
				INSTALL_PATH = "$(LOCAL_LIBRARY_DIR)/Frameworks";
				IPHONEOS_DEPLOYMENT_TARGET = 13.0;
				LD_RUNPATH_SEARCH_PATHS = (
					"$(inherited)",
					"@executable_path/Frameworks",
					"@loader_path/Frameworks",
				);
				MARKETING_VERSION = 1.0;
				PRODUCT_BUNDLE_IDENTIFIER = com.motoon.DKFoundation;
				PRODUCT_NAME = "$(TARGET_NAME:c99extidentifier)";
				SKIP_INSTALL = YES;
				SWIFT_EMIT_LOC_STRINGS = YES;
				SWIFT_VERSION = 5.0;
				TARGETED_DEVICE_FAMILY = "1,2";
			};
			name = Debug;
		};
		AA21B4692853807C00E4F217 /* Release */ = {
			isa = XCBuildConfiguration;
			buildSettings = {
				CODE_SIGN_STYLE = Automatic;
				CURRENT_PROJECT_VERSION = 1;
				DEFINES_MODULE = YES;
				DEVELOPMENT_TEAM = L79YXVBK78;
				DYLIB_COMPATIBILITY_VERSION = 1;
				DYLIB_CURRENT_VERSION = 1;
				DYLIB_INSTALL_NAME_BASE = "@rpath";
				GENERATE_INFOPLIST_FILE = YES;
				INFOPLIST_KEY_NSHumanReadableCopyright = "";
				INSTALL_PATH = "$(LOCAL_LIBRARY_DIR)/Frameworks";
				IPHONEOS_DEPLOYMENT_TARGET = 13.0;
				LD_RUNPATH_SEARCH_PATHS = (
					"$(inherited)",
					"@executable_path/Frameworks",
					"@loader_path/Frameworks",
				);
				MARKETING_VERSION = 1.0;
				PRODUCT_BUNDLE_IDENTIFIER = com.motoon.DKFoundation;
				PRODUCT_NAME = "$(TARGET_NAME:c99extidentifier)";
				SKIP_INSTALL = YES;
				SWIFT_EMIT_LOC_STRINGS = YES;
				SWIFT_VERSION = 5.0;
				TARGETED_DEVICE_FAMILY = "1,2";
			};
			name = Release;
		};
		AA21B46B2853807C00E4F217 /* Debug */ = {
			isa = XCBuildConfiguration;
			buildSettings = {
				CODE_SIGN_STYLE = Automatic;
				CURRENT_PROJECT_VERSION = 1;
				DEVELOPMENT_TEAM = L79YXVBK78;
				GENERATE_INFOPLIST_FILE = YES;
				MARKETING_VERSION = 1.0;
				PRODUCT_BUNDLE_IDENTIFIER = com.motoon.DKFoundationTests;
				PRODUCT_NAME = "$(TARGET_NAME)";
				SWIFT_EMIT_LOC_STRINGS = NO;
				SWIFT_VERSION = 5.0;
				TARGETED_DEVICE_FAMILY = "1,2";
			};
			name = Debug;
		};
		AA21B46C2853807C00E4F217 /* Release */ = {
			isa = XCBuildConfiguration;
			buildSettings = {
				CODE_SIGN_STYLE = Automatic;
				CURRENT_PROJECT_VERSION = 1;
				DEVELOPMENT_TEAM = L79YXVBK78;
				GENERATE_INFOPLIST_FILE = YES;
				MARKETING_VERSION = 1.0;
				PRODUCT_BUNDLE_IDENTIFIER = com.motoon.DKFoundationTests;
				PRODUCT_NAME = "$(TARGET_NAME)";
				SWIFT_EMIT_LOC_STRINGS = NO;
				SWIFT_VERSION = 5.0;
				TARGETED_DEVICE_FAMILY = "1,2";
			};
			name = Release;
		};
/* End XCBuildConfiguration section */

/* Begin XCConfigurationList section */
		AA21B44D2853807C00E4F217 /* Build configuration list for PBXProject "DKFoundation" */ = {
			isa = XCConfigurationList;
			buildConfigurations = (
				AA21B4652853807C00E4F217 /* Debug */,
				AA21B4662853807C00E4F217 /* Release */,
			);
			defaultConfigurationIsVisible = 0;
			defaultConfigurationName = Release;
		};
		AA21B4672853807C00E4F217 /* Build configuration list for PBXNativeTarget "DKFoundation" */ = {
			isa = XCConfigurationList;
			buildConfigurations = (
				AA21B4682853807C00E4F217 /* Debug */,
				AA21B4692853807C00E4F217 /* Release */,
			);
			defaultConfigurationIsVisible = 0;
			defaultConfigurationName = Release;
		};
		AA21B46A2853807C00E4F217 /* Build configuration list for PBXNativeTarget "DKFoundationTests" */ = {
			isa = XCConfigurationList;
			buildConfigurations = (
				AA21B46B2853807C00E4F217 /* Debug */,
				AA21B46C2853807C00E4F217 /* Release */,
			);
			defaultConfigurationIsVisible = 0;
			defaultConfigurationName = Release;
		};
/* End XCConfigurationList section */
	};
	rootObject = AA21B44A2853807C00E4F217 /* Project object */;
}
